// !$*UTF8*$!
{
	archiveVersion = 1;
	classes = {
	};
	objectVersion = 56;
	objects = {

/* Begin PBXBuildFile section */
		7735446B28D89D8C000A5CF0 /* UIImage+SolidColor.swift in Sources */ = {isa = PBXBuildFile; fileRef = 7735446A28D89D8C000A5CF0 /* UIImage+SolidColor.swift */; };
		7735446E28D8E076000A5CF0 /* ApiQueryService.swift in Sources */ = {isa = PBXBuildFile; fileRef = 7735446D28D8E076000A5CF0 /* ApiQueryService.swift */; };
		7735447028D8F8CB000A5CF0 /* ApiQueryRequest.swift in Sources */ = {isa = PBXBuildFile; fileRef = 7735446F28D8F8CB000A5CF0 /* ApiQueryRequest.swift */; };
		7735447228D8F910000A5CF0 /* UrlRequestBuildable.swift in Sources */ = {isa = PBXBuildFile; fileRef = 7735447128D8F910000A5CF0 /* UrlRequestBuildable.swift */; };
		7735447428D91BCB000A5CF0 /* ApiQueryResult.swift in Sources */ = {isa = PBXBuildFile; fileRef = 7735447328D91BCB000A5CF0 /* ApiQueryResult.swift */; };
		7735447628D92659000A5CF0 /* URLSessionType.swift in Sources */ = {isa = PBXBuildFile; fileRef = 7735447528D92659000A5CF0 /* URLSessionType.swift */; };
		7735447828D92C84000A5CF0 /* UrlRequestBuildableTests.swift in Sources */ = {isa = PBXBuildFile; fileRef = 7735447728D92C84000A5CF0 /* UrlRequestBuildableTests.swift */; };
		7735447A28D93BA9000A5CF0 /* ApiQueryResultTests.swift in Sources */ = {isa = PBXBuildFile; fileRef = 7735447928D93BA9000A5CF0 /* ApiQueryResultTests.swift */; };
		7735447C28DB83E8000A5CF0 /* QueryResultsViewModel.swift in Sources */ = {isa = PBXBuildFile; fileRef = 7735447B28DB83E8000A5CF0 /* QueryResultsViewModel.swift */; };
		7735447E28DB991F000A5CF0 /* QueryHeaderTableViewCell.swift in Sources */ = {isa = PBXBuildFile; fileRef = 7735447D28DB991F000A5CF0 /* QueryHeaderTableViewCell.swift */; };
		7735448028DC8DE9000A5CF0 /* QueryHeaderTableViewCellSnapshotTests.swift in Sources */ = {isa = PBXBuildFile; fileRef = 7735447F28DC8DE9000A5CF0 /* QueryHeaderTableViewCellSnapshotTests.swift */; };
		7735448228DC97B2000A5CF0 /* QueryLoaderTableViewCell.swift in Sources */ = {isa = PBXBuildFile; fileRef = 7735448128DC97B2000A5CF0 /* QueryLoaderTableViewCell.swift */; };
		7735448428DC9988000A5CF0 /* QueryLoaderTableViewCellSnapshotTests.swift in Sources */ = {isa = PBXBuildFile; fileRef = 7735448328DC9988000A5CF0 /* QueryLoaderTableViewCellSnapshotTests.swift */; };
		7735448628DCA5C0000A5CF0 /* QueryMetadataModel.swift in Sources */ = {isa = PBXBuildFile; fileRef = 7735448528DCA5C0000A5CF0 /* QueryMetadataModel.swift */; };
		7735448B28DCEF12000A5CF0 /* ApiImageLoaderService.swift in Sources */ = {isa = PBXBuildFile; fileRef = 7735448A28DCEF12000A5CF0 /* ApiImageLoaderService.swift */; };
		7735448D28DD1A6E000A5CF0 /* QueryResultsViewModelTests.swift in Sources */ = {isa = PBXBuildFile; fileRef = 7735448C28DD1A6E000A5CF0 /* QueryResultsViewModelTests.swift */; };
		774F3B7328DF3977004A3185 /* SnapshotTesting in Frameworks */ = {isa = PBXBuildFile; productRef = 774F3B7228DF3977004A3185 /* SnapshotTesting */; };
		77D820DD28DF3C5400EE4C89 /* UrlRequestBuildable.swift in Sources */ = {isa = PBXBuildFile; fileRef = 7735447128D8F910000A5CF0 /* UrlRequestBuildable.swift */; };
		77D820DF28DF3C9200EE4C89 /* URLSessionType.swift in Sources */ = {isa = PBXBuildFile; fileRef = 7735447528D92659000A5CF0 /* URLSessionType.swift */; };
		77D820E028DF3CCA00EE4C89 /* ApiQueryResult.swift in Sources */ = {isa = PBXBuildFile; fileRef = 7735447328D91BCB000A5CF0 /* ApiQueryResult.swift */; };
		77D820E128DF3CCA00EE4C89 /* ApiQueryService.swift in Sources */ = {isa = PBXBuildFile; fileRef = 7735446D28D8E076000A5CF0 /* ApiQueryService.swift */; };
		77D820E228DF3CCA00EE4C89 /* ApiQueryRequest.swift in Sources */ = {isa = PBXBuildFile; fileRef = 7735446F28D8F8CB000A5CF0 /* ApiQueryRequest.swift */; };
		77D820E528DF3D2F00EE4C89 /* QueryMetadataModel.swift in Sources */ = {isa = PBXBuildFile; fileRef = 7735448528DCA5C0000A5CF0 /* QueryMetadataModel.swift */; };
		77D820E628DF3DBE00EE4C89 /* ApiImageLoaderService.swift in Sources */ = {isa = PBXBuildFile; fileRef = 7735448A28DCEF12000A5CF0 /* ApiImageLoaderService.swift */; };
		77DDCBB628DF35DA00349567 /* StorytelWatch Watch App.app in Embed Watch Content */ = {isa = PBXBuildFile; fileRef = 77DDCBB528DF35DA00349567 /* StorytelWatch Watch App.app */; settings = {ATTRIBUTES = (RemoveHeadersOnCopy, ); }; };
		77DDCBBB28DF35DA00349567 /* StorytelWatchApp.swift in Sources */ = {isa = PBXBuildFile; fileRef = 77DDCBBA28DF35DA00349567 /* StorytelWatchApp.swift */; };
		77DDCBBD28DF35DA00349567 /* ContentView.swift in Sources */ = {isa = PBXBuildFile; fileRef = 77DDCBBC28DF35DA00349567 /* ContentView.swift */; };
		77DDCBBF28DF35DC00349567 /* Assets.xcassets in Resources */ = {isa = PBXBuildFile; fileRef = 77DDCBBE28DF35DC00349567 /* Assets.xcassets */; };
		77DDCBC228DF35DC00349567 /* Preview Assets.xcassets in Resources */ = {isa = PBXBuildFile; fileRef = 77DDCBC128DF35DC00349567 /* Preview Assets.xcassets */; };
		77DDCBCC28DF35DC00349567 /* StorytelWatch_Watch_AppTests.swift in Sources */ = {isa = PBXBuildFile; fileRef = 77DDCBCB28DF35DC00349567 /* StorytelWatch_Watch_AppTests.swift */; };
		77E7643628DD3C0800ACDEFE /* NSLayoutConstraint+Priority.swift in Sources */ = {isa = PBXBuildFile; fileRef = 77E7643528DD3C0800ACDEFE /* NSLayoutConstraint+Priority.swift */; };
		77F3BA9728D508C30065045D /* AppDelegate.swift in Sources */ = {isa = PBXBuildFile; fileRef = 77F3BA9628D508C30065045D /* AppDelegate.swift */; };
		77F3BA9928D508C30065045D /* SceneDelegate.swift in Sources */ = {isa = PBXBuildFile; fileRef = 77F3BA9828D508C30065045D /* SceneDelegate.swift */; };
		77F3BAA028D508C40065045D /* Assets.xcassets in Resources */ = {isa = PBXBuildFile; fileRef = 77F3BA9F28D508C40065045D /* Assets.xcassets */; };
		77F3BAA328D508C40065045D /* LaunchScreen.storyboard in Resources */ = {isa = PBXBuildFile; fileRef = 77F3BAA128D508C40065045D /* LaunchScreen.storyboard */; };
		77F3BAAE28D508C40065045D /* QueryResultsViewControllerSnapshotTests.swift in Sources */ = {isa = PBXBuildFile; fileRef = 77F3BAAD28D508C40065045D /* QueryResultsViewControllerSnapshotTests.swift */; };
		77F3BACA28D765800065045D /* QueryResultsViewController.swift in Sources */ = {isa = PBXBuildFile; fileRef = 77F3BAC928D765800065045D /* QueryResultsViewController.swift */; };
		77F3BACE28D771FE0065045D /* QueryResultTableViewCellSnapshotTests.swift in Sources */ = {isa = PBXBuildFile; fileRef = 77F3BACD28D771FE0065045D /* QueryResultTableViewCellSnapshotTests.swift */; };
		77F3BAD028D7761B0065045D /* QueryResultTableViewCell.swift in Sources */ = {isa = PBXBuildFile; fileRef = 77F3BACF28D7761B0065045D /* QueryResultTableViewCell.swift */; };
/* End PBXBuildFile section */

/* Begin PBXContainerItemProxy section */
		77DDCBB728DF35DA00349567 /* PBXContainerItemProxy */ = {
			isa = PBXContainerItemProxy;
			containerPortal = 77F3BA8B28D508C30065045D /* Project object */;
			proxyType = 1;
			remoteGlobalIDString = 77DDCBB428DF35DA00349567;
			remoteInfo = "StorytelWatch Watch App";
		};
		77DDCBC828DF35DC00349567 /* PBXContainerItemProxy */ = {
			isa = PBXContainerItemProxy;
			containerPortal = 77F3BA8B28D508C30065045D /* Project object */;
			proxyType = 1;
			remoteGlobalIDString = 77DDCBB428DF35DA00349567;
			remoteInfo = "StorytelWatch Watch App";
		};
		77F3BAAA28D508C40065045D /* PBXContainerItemProxy */ = {
			isa = PBXContainerItemProxy;
			containerPortal = 77F3BA8B28D508C30065045D /* Project object */;
			proxyType = 1;
			remoteGlobalIDString = 77F3BA9228D508C30065045D;
			remoteInfo = "Storytel-Assignment";
		};
/* End PBXContainerItemProxy section */

/* Begin PBXCopyFilesBuildPhase section */
		77DDCBDC28DF35DC00349567 /* Embed Watch Content */ = {
			isa = PBXCopyFilesBuildPhase;
			buildActionMask = 2147483647;
			dstPath = "$(CONTENTS_FOLDER_PATH)/Watch";
			dstSubfolderSpec = 16;
			files = (
				77DDCBB628DF35DA00349567 /* StorytelWatch Watch App.app in Embed Watch Content */,
			);
			name = "Embed Watch Content";
			runOnlyForDeploymentPostprocessing = 0;
		};
/* End PBXCopyFilesBuildPhase section */

/* Begin PBXFileReference section */
		7735446A28D89D8C000A5CF0 /* UIImage+SolidColor.swift */ = {isa = PBXFileReference; lastKnownFileType = sourcecode.swift; path = "UIImage+SolidColor.swift"; sourceTree = "<group>"; };
		7735446D28D8E076000A5CF0 /* ApiQueryService.swift */ = {isa = PBXFileReference; lastKnownFileType = sourcecode.swift; path = ApiQueryService.swift; sourceTree = "<group>"; };
		7735446F28D8F8CB000A5CF0 /* ApiQueryRequest.swift */ = {isa = PBXFileReference; lastKnownFileType = sourcecode.swift; path = ApiQueryRequest.swift; sourceTree = "<group>"; };
		7735447128D8F910000A5CF0 /* UrlRequestBuildable.swift */ = {isa = PBXFileReference; lastKnownFileType = sourcecode.swift; path = UrlRequestBuildable.swift; sourceTree = "<group>"; };
		7735447328D91BCB000A5CF0 /* ApiQueryResult.swift */ = {isa = PBXFileReference; lastKnownFileType = sourcecode.swift; path = ApiQueryResult.swift; sourceTree = "<group>"; };
		7735447528D92659000A5CF0 /* URLSessionType.swift */ = {isa = PBXFileReference; lastKnownFileType = sourcecode.swift; path = URLSessionType.swift; sourceTree = "<group>"; };
		7735447728D92C84000A5CF0 /* UrlRequestBuildableTests.swift */ = {isa = PBXFileReference; lastKnownFileType = sourcecode.swift; path = UrlRequestBuildableTests.swift; sourceTree = "<group>"; };
		7735447928D93BA9000A5CF0 /* ApiQueryResultTests.swift */ = {isa = PBXFileReference; lastKnownFileType = sourcecode.swift; path = ApiQueryResultTests.swift; sourceTree = "<group>"; };
		7735447B28DB83E8000A5CF0 /* QueryResultsViewModel.swift */ = {isa = PBXFileReference; lastKnownFileType = sourcecode.swift; path = QueryResultsViewModel.swift; sourceTree = "<group>"; };
		7735447D28DB991F000A5CF0 /* QueryHeaderTableViewCell.swift */ = {isa = PBXFileReference; lastKnownFileType = sourcecode.swift; path = QueryHeaderTableViewCell.swift; sourceTree = "<group>"; };
		7735447F28DC8DE9000A5CF0 /* QueryHeaderTableViewCellSnapshotTests.swift */ = {isa = PBXFileReference; lastKnownFileType = sourcecode.swift; path = QueryHeaderTableViewCellSnapshotTests.swift; sourceTree = "<group>"; };
		7735448128DC97B2000A5CF0 /* QueryLoaderTableViewCell.swift */ = {isa = PBXFileReference; lastKnownFileType = sourcecode.swift; path = QueryLoaderTableViewCell.swift; sourceTree = "<group>"; };
		7735448328DC9988000A5CF0 /* QueryLoaderTableViewCellSnapshotTests.swift */ = {isa = PBXFileReference; lastKnownFileType = sourcecode.swift; path = QueryLoaderTableViewCellSnapshotTests.swift; sourceTree = "<group>"; };
		7735448528DCA5C0000A5CF0 /* QueryMetadataModel.swift */ = {isa = PBXFileReference; lastKnownFileType = sourcecode.swift; path = QueryMetadataModel.swift; sourceTree = "<group>"; };
		7735448A28DCEF12000A5CF0 /* ApiImageLoaderService.swift */ = {isa = PBXFileReference; lastKnownFileType = sourcecode.swift; path = ApiImageLoaderService.swift; sourceTree = "<group>"; };
		7735448C28DD1A6E000A5CF0 /* QueryResultsViewModelTests.swift */ = {isa = PBXFileReference; lastKnownFileType = sourcecode.swift; path = QueryResultsViewModelTests.swift; sourceTree = "<group>"; };
		77DDCBB028DF35DA00349567 /* StorytelWatch.app */ = {isa = PBXFileReference; explicitFileType = wrapper.application; includeInIndex = 0; path = StorytelWatch.app; sourceTree = BUILT_PRODUCTS_DIR; };
		77DDCBB528DF35DA00349567 /* StorytelWatch Watch App.app */ = {isa = PBXFileReference; explicitFileType = wrapper.application; includeInIndex = 0; path = "StorytelWatch Watch App.app"; sourceTree = BUILT_PRODUCTS_DIR; };
		77DDCBBA28DF35DA00349567 /* StorytelWatchApp.swift */ = {isa = PBXFileReference; lastKnownFileType = sourcecode.swift; path = StorytelWatchApp.swift; sourceTree = "<group>"; };
		77DDCBBC28DF35DA00349567 /* ContentView.swift */ = {isa = PBXFileReference; lastKnownFileType = sourcecode.swift; path = ContentView.swift; sourceTree = "<group>"; };
		77DDCBBE28DF35DC00349567 /* Assets.xcassets */ = {isa = PBXFileReference; lastKnownFileType = folder.assetcatalog; path = Assets.xcassets; sourceTree = "<group>"; };
		77DDCBC128DF35DC00349567 /* Preview Assets.xcassets */ = {isa = PBXFileReference; lastKnownFileType = folder.assetcatalog; path = "Preview Assets.xcassets"; sourceTree = "<group>"; };
		77DDCBC728DF35DC00349567 /* StorytelWatch Watch AppTests.xctest */ = {isa = PBXFileReference; explicitFileType = wrapper.cfbundle; includeInIndex = 0; path = "StorytelWatch Watch AppTests.xctest"; sourceTree = BUILT_PRODUCTS_DIR; };
		77DDCBCB28DF35DC00349567 /* StorytelWatch_Watch_AppTests.swift */ = {isa = PBXFileReference; lastKnownFileType = sourcecode.swift; path = StorytelWatch_Watch_AppTests.swift; sourceTree = "<group>"; };
		77E7643528DD3C0800ACDEFE /* NSLayoutConstraint+Priority.swift */ = {isa = PBXFileReference; lastKnownFileType = sourcecode.swift; path = "NSLayoutConstraint+Priority.swift"; sourceTree = "<group>"; };
		77F3BA9328D508C30065045D /* Storytel.app */ = {isa = PBXFileReference; explicitFileType = wrapper.application; includeInIndex = 0; path = Storytel.app; sourceTree = BUILT_PRODUCTS_DIR; };
		77F3BA9628D508C30065045D /* AppDelegate.swift */ = {isa = PBXFileReference; lastKnownFileType = sourcecode.swift; path = AppDelegate.swift; sourceTree = "<group>"; };
		77F3BA9828D508C30065045D /* SceneDelegate.swift */ = {isa = PBXFileReference; lastKnownFileType = sourcecode.swift; path = SceneDelegate.swift; sourceTree = "<group>"; };
		77F3BA9F28D508C40065045D /* Assets.xcassets */ = {isa = PBXFileReference; lastKnownFileType = folder.assetcatalog; path = Assets.xcassets; sourceTree = "<group>"; };
		77F3BAA228D508C40065045D /* Base */ = {isa = PBXFileReference; lastKnownFileType = file.storyboard; name = Base; path = Base.lproj/LaunchScreen.storyboard; sourceTree = "<group>"; };
		77F3BAA428D508C40065045D /* Info.plist */ = {isa = PBXFileReference; lastKnownFileType = text.plist.xml; path = Info.plist; sourceTree = "<group>"; };
		77F3BAA928D508C40065045D /* StorytelTests.xctest */ = {isa = PBXFileReference; explicitFileType = wrapper.cfbundle; includeInIndex = 0; path = StorytelTests.xctest; sourceTree = BUILT_PRODUCTS_DIR; };
		77F3BAAD28D508C40065045D /* QueryResultsViewControllerSnapshotTests.swift */ = {isa = PBXFileReference; lastKnownFileType = sourcecode.swift; path = QueryResultsViewControllerSnapshotTests.swift; sourceTree = "<group>"; };
		77F3BAC928D765800065045D /* QueryResultsViewController.swift */ = {isa = PBXFileReference; lastKnownFileType = sourcecode.swift; path = QueryResultsViewController.swift; sourceTree = "<group>"; };
		77F3BACD28D771FE0065045D /* QueryResultTableViewCellSnapshotTests.swift */ = {isa = PBXFileReference; lastKnownFileType = sourcecode.swift; path = QueryResultTableViewCellSnapshotTests.swift; sourceTree = "<group>"; };
		77F3BACF28D7761B0065045D /* QueryResultTableViewCell.swift */ = {isa = PBXFileReference; lastKnownFileType = sourcecode.swift; path = QueryResultTableViewCell.swift; sourceTree = "<group>"; };
/* End PBXFileReference section */

/* Begin PBXFrameworksBuildPhase section */
		77DDCBB228DF35DA00349567 /* Frameworks */ = {
			isa = PBXFrameworksBuildPhase;
			buildActionMask = 2147483647;
			files = (
			);
			runOnlyForDeploymentPostprocessing = 0;
		};
		77DDCBC428DF35DC00349567 /* Frameworks */ = {
			isa = PBXFrameworksBuildPhase;
			buildActionMask = 2147483647;
			files = (
			);
			runOnlyForDeploymentPostprocessing = 0;
		};
		77F3BA9028D508C30065045D /* Frameworks */ = {
			isa = PBXFrameworksBuildPhase;
			buildActionMask = 2147483647;
			files = (
			);
			runOnlyForDeploymentPostprocessing = 0;
		};
		77F3BAA628D508C40065045D /* Frameworks */ = {
			isa = PBXFrameworksBuildPhase;
			buildActionMask = 2147483647;
			files = (
				774F3B7328DF3977004A3185 /* SnapshotTesting in Frameworks */,
			);
			runOnlyForDeploymentPostprocessing = 0;
		};
/* End PBXFrameworksBuildPhase section */

/* Begin PBXGroup section */
		7735446328D7D7DA000A5CF0 /* QueryResults */ = {
			isa = PBXGroup;
			children = (
				7735446428D7D800000A5CF0 /* View */,
				77E7643728DD49CA00ACDEFE /* ViewModel */,
			);
			path = QueryResults;
			sourceTree = "<group>";
		};
		7735446428D7D800000A5CF0 /* View */ = {
			isa = PBXGroup;
			children = (
				77F3BAC928D765800065045D /* QueryResultsViewController.swift */,
				77F3BACF28D7761B0065045D /* QueryResultTableViewCell.swift */,
				7735447D28DB991F000A5CF0 /* QueryHeaderTableViewCell.swift */,
				7735448128DC97B2000A5CF0 /* QueryLoaderTableViewCell.swift */,
			);
			path = View;
			sourceTree = "<group>";
		};
		7735446928D89D6B000A5CF0 /* Utilities */ = {
			isa = PBXGroup;
			children = (
				7735446A28D89D8C000A5CF0 /* UIImage+SolidColor.swift */,
				77E7643528DD3C0800ACDEFE /* NSLayoutConstraint+Priority.swift */,
			);
			path = Utilities;
			sourceTree = "<group>";
		};
		7735446C28D8DB89000A5CF0 /* Network */ = {
			isa = PBXGroup;
			children = (
			);
			path = Network;
			sourceTree = "<group>";
		};
		7735448728DCEEBE000A5CF0 /* ApiQuery */ = {
			isa = PBXGroup;
			children = (
				7735446D28D8E076000A5CF0 /* ApiQueryService.swift */,
				7735446F28D8F8CB000A5CF0 /* ApiQueryRequest.swift */,
				7735447328D91BCB000A5CF0 /* ApiQueryResult.swift */,
			);
			path = ApiQuery;
			sourceTree = "<group>";
		};
		7735448928DCEEFD000A5CF0 /* ImageLoader */ = {
			isa = PBXGroup;
			children = (
				7735448A28DCEF12000A5CF0 /* ApiImageLoaderService.swift */,
			);
			path = ImageLoader;
			sourceTree = "<group>";
		};
		77D820DC28DF3B7C00EE4C89 /* Shared */ = {
			isa = PBXGroup;
			children = (
				77D820E328DF3D0900EE4C89 /* QueryResults */,
				77D820DE28DF3C8000EE4C89 /* Network */,
			);
			path = Shared;
			sourceTree = "<group>";
		};
		77D820DE28DF3C8000EE4C89 /* Network */ = {
			isa = PBXGroup;
			children = (
				7735448928DCEEFD000A5CF0 /* ImageLoader */,
				7735448728DCEEBE000A5CF0 /* ApiQuery */,
				7735447128D8F910000A5CF0 /* UrlRequestBuildable.swift */,
				7735447528D92659000A5CF0 /* URLSessionType.swift */,
			);
			path = Network;
			sourceTree = "<group>";
		};
		77D820E328DF3D0900EE4C89 /* QueryResults */ = {
			isa = PBXGroup;
			children = (
				77D820E428DF3D2600EE4C89 /* Model */,
			);
			path = QueryResults;
			sourceTree = "<group>";
		};
		77D820E428DF3D2600EE4C89 /* Model */ = {
			isa = PBXGroup;
			children = (
				7735448528DCA5C0000A5CF0 /* QueryMetadataModel.swift */,
			);
			path = Model;
			sourceTree = "<group>";
		};
		77DDCBB928DF35DA00349567 /* StorytelWatch Watch App */ = {
			isa = PBXGroup;
			children = (
				77DDCBBA28DF35DA00349567 /* StorytelWatchApp.swift */,
				77DDCBBC28DF35DA00349567 /* ContentView.swift */,
				77DDCBBE28DF35DC00349567 /* Assets.xcassets */,
				77DDCBC028DF35DC00349567 /* Preview Content */,
			);
			path = "StorytelWatch Watch App";
			sourceTree = "<group>";
		};
		77DDCBC028DF35DC00349567 /* Preview Content */ = {
			isa = PBXGroup;
			children = (
				77DDCBC128DF35DC00349567 /* Preview Assets.xcassets */,
			);
			path = "Preview Content";
			sourceTree = "<group>";
		};
		77DDCBCA28DF35DC00349567 /* StorytelWatch Watch AppTests */ = {
			isa = PBXGroup;
			children = (
				77DDCBCB28DF35DC00349567 /* StorytelWatch_Watch_AppTests.swift */,
			);
			path = "StorytelWatch Watch AppTests";
			sourceTree = "<group>";
		};
		77E7643728DD49CA00ACDEFE /* ViewModel */ = {
			isa = PBXGroup;
			children = (
				7735447B28DB83E8000A5CF0 /* QueryResultsViewModel.swift */,
			);
			path = ViewModel;
			sourceTree = "<group>";
		};
		77F3BA8A28D508C30065045D = {
			isa = PBXGroup;
			children = (
				77D820DC28DF3B7C00EE4C89 /* Shared */,
				77F3BA9528D508C30065045D /* Storytel iOS App */,
				77F3BAAC28D508C40065045D /* Storytel iOS App Tests */,
				77DDCBB928DF35DA00349567 /* StorytelWatch Watch App */,
				77DDCBCA28DF35DC00349567 /* StorytelWatch Watch AppTests */,
				77F3BA9428D508C30065045D /* Products */,
			);
			sourceTree = "<group>";
		};
		77F3BA9428D508C30065045D /* Products */ = {
			isa = PBXGroup;
			children = (
				77F3BA9328D508C30065045D /* Storytel.app */,
				77F3BAA928D508C40065045D /* StorytelTests.xctest */,
				77DDCBB028DF35DA00349567 /* StorytelWatch.app */,
				77DDCBB528DF35DA00349567 /* StorytelWatch Watch App.app */,
				77DDCBC728DF35DC00349567 /* StorytelWatch Watch AppTests.xctest */,
			);
			name = Products;
			sourceTree = "<group>";
		};
		77F3BA9528D508C30065045D /* Storytel iOS App */ = {
			isa = PBXGroup;
			children = (
				77F3BA9628D508C30065045D /* AppDelegate.swift */,
				77F3BA9828D508C30065045D /* SceneDelegate.swift */,
				7735446C28D8DB89000A5CF0 /* Network */,
				7735446928D89D6B000A5CF0 /* Utilities */,
				7735446328D7D7DA000A5CF0 /* QueryResults */,
				77F3BA9F28D508C40065045D /* Assets.xcassets */,
				77F3BAA128D508C40065045D /* LaunchScreen.storyboard */,
				77F3BAA428D508C40065045D /* Info.plist */,
			);
			path = "Storytel iOS App";
			sourceTree = "<group>";
		};
		77F3BAAC28D508C40065045D /* Storytel iOS App Tests */ = {
			isa = PBXGroup;
			children = (
				7735447928D93BA9000A5CF0 /* ApiQueryResultTests.swift */,
				7735447728D92C84000A5CF0 /* UrlRequestBuildableTests.swift */,
				77F3BAAD28D508C40065045D /* QueryResultsViewControllerSnapshotTests.swift */,
				77F3BACD28D771FE0065045D /* QueryResultTableViewCellSnapshotTests.swift */,
				7735447F28DC8DE9000A5CF0 /* QueryHeaderTableViewCellSnapshotTests.swift */,
				7735448328DC9988000A5CF0 /* QueryLoaderTableViewCellSnapshotTests.swift */,
				7735448C28DD1A6E000A5CF0 /* QueryResultsViewModelTests.swift */,
			);
			path = "Storytel iOS App Tests";
			sourceTree = "<group>";
		};
/* End PBXGroup section */

/* Begin PBXNativeTarget section */
		77DDCBAF28DF35DA00349567 /* StorytelWatch */ = {
			isa = PBXNativeTarget;
			buildConfigurationList = 77DDCBDD28DF35DC00349567 /* Build configuration list for PBXNativeTarget "StorytelWatch" */;
			buildPhases = (
				77DDCBAE28DF35DA00349567 /* Resources */,
				77DDCBDC28DF35DC00349567 /* Embed Watch Content */,
			);
			buildRules = (
			);
			dependencies = (
				77DDCBB828DF35DA00349567 /* PBXTargetDependency */,
			);
			name = StorytelWatch;
			productName = StorytelWatch;
			productReference = 77DDCBB028DF35DA00349567 /* StorytelWatch.app */;
			productType = "com.apple.product-type.application.watchapp2-container";
		};
		77DDCBB428DF35DA00349567 /* StorytelWatch Watch App */ = {
			isa = PBXNativeTarget;
			buildConfigurationList = 77DDCBD928DF35DC00349567 /* Build configuration list for PBXNativeTarget "StorytelWatch Watch App" */;
			buildPhases = (
				77DDCBB128DF35DA00349567 /* Sources */,
				77DDCBB228DF35DA00349567 /* Frameworks */,
				77DDCBB328DF35DA00349567 /* Resources */,
			);
			buildRules = (
			);
			dependencies = (
			);
			name = "StorytelWatch Watch App";
			productName = "StorytelWatch Watch App";
			productReference = 77DDCBB528DF35DA00349567 /* StorytelWatch Watch App.app */;
			productType = "com.apple.product-type.application";
		};
		77DDCBC628DF35DC00349567 /* StorytelWatch Watch AppTests */ = {
			isa = PBXNativeTarget;
			buildConfigurationList = 77DDCBE028DF35DC00349567 /* Build configuration list for PBXNativeTarget "StorytelWatch Watch AppTests" */;
			buildPhases = (
				77DDCBC328DF35DC00349567 /* Sources */,
				77DDCBC428DF35DC00349567 /* Frameworks */,
				77DDCBC528DF35DC00349567 /* Resources */,
			);
			buildRules = (
			);
			dependencies = (
				77DDCBC928DF35DC00349567 /* PBXTargetDependency */,
			);
			name = "StorytelWatch Watch AppTests";
			productName = "StorytelWatch Watch AppTests";
			productReference = 77DDCBC728DF35DC00349567 /* StorytelWatch Watch AppTests.xctest */;
			productType = "com.apple.product-type.bundle.unit-test";
		};
		77F3BA9228D508C30065045D /* Storytel */ = {
			isa = PBXNativeTarget;
			buildConfigurationList = 77F3BABD28D508C40065045D /* Build configuration list for PBXNativeTarget "Storytel" */;
			buildPhases = (
				77F3BA8F28D508C30065045D /* Sources */,
				77F3BA9028D508C30065045D /* Frameworks */,
				77F3BA9128D508C30065045D /* Resources */,
			);
			buildRules = (
			);
			dependencies = (
			);
			name = Storytel;
			productName = "Storytel-Assignment";
			productReference = 77F3BA9328D508C30065045D /* Storytel.app */;
			productType = "com.apple.product-type.application";
		};
		77F3BAA828D508C40065045D /* StorytelTests */ = {
			isa = PBXNativeTarget;
			buildConfigurationList = 77F3BAC028D508C40065045D /* Build configuration list for PBXNativeTarget "StorytelTests" */;
			buildPhases = (
				77F3BAA528D508C40065045D /* Sources */,
				77F3BAA628D508C40065045D /* Frameworks */,
				77F3BAA728D508C40065045D /* Resources */,
			);
			buildRules = (
			);
			dependencies = (
				77F3BAAB28D508C40065045D /* PBXTargetDependency */,
			);
			name = StorytelTests;
			packageProductDependencies = (
				774F3B7228DF3977004A3185 /* SnapshotTesting */,
			);
			productName = "Storytel-AssignmentTests";
			productReference = 77F3BAA928D508C40065045D /* StorytelTests.xctest */;
			productType = "com.apple.product-type.bundle.unit-test";
		};
/* End PBXNativeTarget section */

/* Begin PBXProject section */
		77F3BA8B28D508C30065045D /* Project object */ = {
			isa = PBXProject;
			attributes = {
				BuildIndependentTargetsInParallel = 1;
				LastSwiftUpdateCheck = 1400;
				LastUpgradeCheck = 1400;
				TargetAttributes = {
					77DDCBAF28DF35DA00349567 = {
						CreatedOnToolsVersion = 14.0;
					};
					77DDCBB428DF35DA00349567 = {
						CreatedOnToolsVersion = 14.0;
					};
					77DDCBC628DF35DC00349567 = {
						CreatedOnToolsVersion = 14.0;
						TestTargetID = 77DDCBB428DF35DA00349567;
					};
					77F3BA9228D508C30065045D = {
						CreatedOnToolsVersion = 14.0;
					};
					77F3BAA828D508C40065045D = {
						CreatedOnToolsVersion = 14.0;
						TestTargetID = 77F3BA9228D508C30065045D;
					};
				};
			};
			buildConfigurationList = 77F3BA8E28D508C30065045D /* Build configuration list for PBXProject "Storytel" */;
			compatibilityVersion = "Xcode 14.0";
			developmentRegion = en;
			hasScannedForEncodings = 0;
			knownRegions = (
				en,
				Base,
			);
			mainGroup = 77F3BA8A28D508C30065045D;
			packageReferences = (
				774F3B7128DF3977004A3185 /* XCRemoteSwiftPackageReference "swift-snapshot-testing" */,
			);
			productRefGroup = 77F3BA9428D508C30065045D /* Products */;
			projectDirPath = "";
			projectRoot = "";
			targets = (
				77F3BA9228D508C30065045D /* Storytel */,
				77F3BAA828D508C40065045D /* StorytelTests */,
				77DDCBAF28DF35DA00349567 /* StorytelWatch */,
				77DDCBB428DF35DA00349567 /* StorytelWatch Watch App */,
				77DDCBC628DF35DC00349567 /* StorytelWatch Watch AppTests */,
			);
		};
/* End PBXProject section */

/* Begin PBXResourcesBuildPhase section */
		77DDCBAE28DF35DA00349567 /* Resources */ = {
			isa = PBXResourcesBuildPhase;
			buildActionMask = 2147483647;
			files = (
			);
			runOnlyForDeploymentPostprocessing = 0;
		};
		77DDCBB328DF35DA00349567 /* Resources */ = {
			isa = PBXResourcesBuildPhase;
			buildActionMask = 2147483647;
			files = (
				77DDCBC228DF35DC00349567 /* Preview Assets.xcassets in Resources */,
				77DDCBBF28DF35DC00349567 /* Assets.xcassets in Resources */,
			);
			runOnlyForDeploymentPostprocessing = 0;
		};
		77DDCBC528DF35DC00349567 /* Resources */ = {
			isa = PBXResourcesBuildPhase;
			buildActionMask = 2147483647;
			files = (
			);
			runOnlyForDeploymentPostprocessing = 0;
		};
		77F3BA9128D508C30065045D /* Resources */ = {
			isa = PBXResourcesBuildPhase;
			buildActionMask = 2147483647;
			files = (
				77F3BAA328D508C40065045D /* LaunchScreen.storyboard in Resources */,
				77F3BAA028D508C40065045D /* Assets.xcassets in Resources */,
			);
			runOnlyForDeploymentPostprocessing = 0;
		};
		77F3BAA728D508C40065045D /* Resources */ = {
			isa = PBXResourcesBuildPhase;
			buildActionMask = 2147483647;
			files = (
			);
			runOnlyForDeploymentPostprocessing = 0;
		};
/* End PBXResourcesBuildPhase section */

/* Begin PBXSourcesBuildPhase section */
		77DDCBB128DF35DA00349567 /* Sources */ = {
			isa = PBXSourcesBuildPhase;
			buildActionMask = 2147483647;
			files = (
				77D820DF28DF3C9200EE4C89 /* URLSessionType.swift in Sources */,
				77DDCBBD28DF35DA00349567 /* ContentView.swift in Sources */,
				77D820E228DF3CCA00EE4C89 /* ApiQueryRequest.swift in Sources */,
				77D820E528DF3D2F00EE4C89 /* QueryMetadataModel.swift in Sources */,
				77D820E628DF3DBE00EE4C89 /* ApiImageLoaderService.swift in Sources */,
				77DDCBBB28DF35DA00349567 /* StorytelWatchApp.swift in Sources */,
				77D820DD28DF3C5400EE4C89 /* UrlRequestBuildable.swift in Sources */,
				77D820E028DF3CCA00EE4C89 /* ApiQueryResult.swift in Sources */,
				77D820E128DF3CCA00EE4C89 /* ApiQueryService.swift in Sources */,
			);
			runOnlyForDeploymentPostprocessing = 0;
		};
		77DDCBC328DF35DC00349567 /* Sources */ = {
			isa = PBXSourcesBuildPhase;
			buildActionMask = 2147483647;
			files = (
				77DDCBCC28DF35DC00349567 /* StorytelWatch_Watch_AppTests.swift in Sources */,
			);
			runOnlyForDeploymentPostprocessing = 0;
		};
		77F3BA8F28D508C30065045D /* Sources */ = {
			isa = PBXSourcesBuildPhase;
			buildActionMask = 2147483647;
			files = (
				7735447C28DB83E8000A5CF0 /* QueryResultsViewModel.swift in Sources */,
				77F3BA9728D508C30065045D /* AppDelegate.swift in Sources */,
				77F3BAD028D7761B0065045D /* QueryResultTableViewCell.swift in Sources */,
				7735447028D8F8CB000A5CF0 /* ApiQueryRequest.swift in Sources */,
				7735448628DCA5C0000A5CF0 /* QueryMetadataModel.swift in Sources */,
				7735446E28D8E076000A5CF0 /* ApiQueryService.swift in Sources */,
				7735447228D8F910000A5CF0 /* UrlRequestBuildable.swift in Sources */,
				77E7643628DD3C0800ACDEFE /* NSLayoutConstraint+Priority.swift in Sources */,
				7735447428D91BCB000A5CF0 /* ApiQueryResult.swift in Sources */,
				7735447E28DB991F000A5CF0 /* QueryHeaderTableViewCell.swift in Sources */,
				7735448B28DCEF12000A5CF0 /* ApiImageLoaderService.swift in Sources */,
				7735446B28D89D8C000A5CF0 /* UIImage+SolidColor.swift in Sources */,
				77F3BACA28D765800065045D /* QueryResultsViewController.swift in Sources */,
				7735447628D92659000A5CF0 /* URLSessionType.swift in Sources */,
				7735448228DC97B2000A5CF0 /* QueryLoaderTableViewCell.swift in Sources */,
				77F3BA9928D508C30065045D /* SceneDelegate.swift in Sources */,
			);
			runOnlyForDeploymentPostprocessing = 0;
		};
		77F3BAA528D508C40065045D /* Sources */ = {
			isa = PBXSourcesBuildPhase;
			buildActionMask = 2147483647;
			files = (
				7735448028DC8DE9000A5CF0 /* QueryHeaderTableViewCellSnapshotTests.swift in Sources */,
				7735448D28DD1A6E000A5CF0 /* QueryResultsViewModelTests.swift in Sources */,
				77F3BAAE28D508C40065045D /* QueryResultsViewControllerSnapshotTests.swift in Sources */,
				77F3BACE28D771FE0065045D /* QueryResultTableViewCellSnapshotTests.swift in Sources */,
				7735447A28D93BA9000A5CF0 /* ApiQueryResultTests.swift in Sources */,
				7735447828D92C84000A5CF0 /* UrlRequestBuildableTests.swift in Sources */,
				7735448428DC9988000A5CF0 /* QueryLoaderTableViewCellSnapshotTests.swift in Sources */,
			);
			runOnlyForDeploymentPostprocessing = 0;
		};
/* End PBXSourcesBuildPhase section */

/* Begin PBXTargetDependency section */
		77DDCBB828DF35DA00349567 /* PBXTargetDependency */ = {
			isa = PBXTargetDependency;
			target = 77DDCBB428DF35DA00349567 /* StorytelWatch Watch App */;
			targetProxy = 77DDCBB728DF35DA00349567 /* PBXContainerItemProxy */;
		};
		77DDCBC928DF35DC00349567 /* PBXTargetDependency */ = {
			isa = PBXTargetDependency;
			target = 77DDCBB428DF35DA00349567 /* StorytelWatch Watch App */;
			targetProxy = 77DDCBC828DF35DC00349567 /* PBXContainerItemProxy */;
		};
		77F3BAAB28D508C40065045D /* PBXTargetDependency */ = {
			isa = PBXTargetDependency;
			target = 77F3BA9228D508C30065045D /* Storytel */;
			targetProxy = 77F3BAAA28D508C40065045D /* PBXContainerItemProxy */;
		};
/* End PBXTargetDependency section */

/* Begin PBXVariantGroup section */
		77F3BAA128D508C40065045D /* LaunchScreen.storyboard */ = {
			isa = PBXVariantGroup;
			children = (
				77F3BAA228D508C40065045D /* Base */,
			);
			name = LaunchScreen.storyboard;
			sourceTree = "<group>";
		};
/* End PBXVariantGroup section */

/* Begin XCBuildConfiguration section */
		77DDCBDA28DF35DC00349567 /* Debug */ = {
			isa = XCBuildConfiguration;
			buildSettings = {
				ASSETCATALOG_COMPILER_APPICON_NAME = AppIcon;
				ASSETCATALOG_COMPILER_GLOBAL_ACCENT_COLOR_NAME = AccentColor;
				CODE_SIGN_STYLE = Automatic;
				CURRENT_PROJECT_VERSION = 1;
				DEVELOPMENT_ASSET_PATHS = "\"StorytelWatch Watch App/Preview Content\"";
				DEVELOPMENT_TEAM = 5RY5NF7FKU;
				ENABLE_PREVIEWS = YES;
				GENERATE_INFOPLIST_FILE = YES;
				INFOPLIST_KEY_CFBundleDisplayName = StorytelWatch;
				INFOPLIST_KEY_UISupportedInterfaceOrientations = "UIInterfaceOrientationPortrait UIInterfaceOrientationPortraitUpsideDown";
				INFOPLIST_KEY_WKWatchOnly = YES;
				LD_RUNPATH_SEARCH_PATHS = (
					"$(inherited)",
					"@executable_path/Frameworks",
				);
				MARKETING_VERSION = 1.0;
				PRODUCT_BUNDLE_IDENTIFIER = com.leotils.StorytelWatch.watchkitapp;
				PRODUCT_NAME = "$(TARGET_NAME)";
				SDKROOT = watchos;
				SKIP_INSTALL = YES;
				SWIFT_EMIT_LOC_STRINGS = YES;
				SWIFT_VERSION = 5.0;
				TARGETED_DEVICE_FAMILY = 4;
				WATCHOS_DEPLOYMENT_TARGET = 9.0;
			};
			name = Debug;
		};
		77DDCBDB28DF35DC00349567 /* Release */ = {
			isa = XCBuildConfiguration;
			buildSettings = {
				ASSETCATALOG_COMPILER_APPICON_NAME = AppIcon;
				ASSETCATALOG_COMPILER_GLOBAL_ACCENT_COLOR_NAME = AccentColor;
				CODE_SIGN_STYLE = Automatic;
				CURRENT_PROJECT_VERSION = 1;
				DEVELOPMENT_ASSET_PATHS = "\"StorytelWatch Watch App/Preview Content\"";
				DEVELOPMENT_TEAM = 5RY5NF7FKU;
				ENABLE_PREVIEWS = YES;
				GENERATE_INFOPLIST_FILE = YES;
				INFOPLIST_KEY_CFBundleDisplayName = StorytelWatch;
				INFOPLIST_KEY_UISupportedInterfaceOrientations = "UIInterfaceOrientationPortrait UIInterfaceOrientationPortraitUpsideDown";
				INFOPLIST_KEY_WKWatchOnly = YES;
				LD_RUNPATH_SEARCH_PATHS = (
					"$(inherited)",
					"@executable_path/Frameworks",
				);
				MARKETING_VERSION = 1.0;
				PRODUCT_BUNDLE_IDENTIFIER = com.leotils.StorytelWatch.watchkitapp;
				PRODUCT_NAME = "$(TARGET_NAME)";
				SDKROOT = watchos;
				SKIP_INSTALL = YES;
				SWIFT_EMIT_LOC_STRINGS = YES;
				SWIFT_VERSION = 5.0;
				TARGETED_DEVICE_FAMILY = 4;
				WATCHOS_DEPLOYMENT_TARGET = 9.0;
			};
			name = Release;
		};
		77DDCBDE28DF35DC00349567 /* Debug */ = {
			isa = XCBuildConfiguration;
			buildSettings = {
				ALWAYS_EMBED_SWIFT_STANDARD_LIBRARIES = YES;
				CODE_SIGN_STYLE = Automatic;
				CURRENT_PROJECT_VERSION = 1;
				DEVELOPMENT_TEAM = 5RY5NF7FKU;
				INFOPLIST_KEY_CFBundleDisplayName = StorytelWatch;
				MARKETING_VERSION = 1.0;
				PRODUCT_BUNDLE_IDENTIFIER = com.leotils.StorytelWatch;
				PRODUCT_NAME = "$(TARGET_NAME)";
				SWIFT_VERSION = 5.0;
			};
			name = Debug;
		};
		77DDCBDF28DF35DC00349567 /* Release */ = {
			isa = XCBuildConfiguration;
			buildSettings = {
				ALWAYS_EMBED_SWIFT_STANDARD_LIBRARIES = YES;
				CODE_SIGN_STYLE = Automatic;
				CURRENT_PROJECT_VERSION = 1;
				DEVELOPMENT_TEAM = 5RY5NF7FKU;
				INFOPLIST_KEY_CFBundleDisplayName = StorytelWatch;
				MARKETING_VERSION = 1.0;
				PRODUCT_BUNDLE_IDENTIFIER = com.leotils.StorytelWatch;
				PRODUCT_NAME = "$(TARGET_NAME)";
				SWIFT_VERSION = 5.0;
			};
			name = Release;
		};
		77DDCBE128DF35DC00349567 /* Debug */ = {
			isa = XCBuildConfiguration;
			buildSettings = {
				ALWAYS_EMBED_SWIFT_STANDARD_LIBRARIES = YES;
				BUNDLE_LOADER = "$(TEST_HOST)";
				CODE_SIGN_STYLE = Automatic;
				CURRENT_PROJECT_VERSION = 1;
				DEVELOPMENT_TEAM = 5RY5NF7FKU;
				GENERATE_INFOPLIST_FILE = YES;
				MARKETING_VERSION = 1.0;
				PRODUCT_BUNDLE_IDENTIFIER = "com.leotils.StorytelWatch-Watch-AppTests";
				PRODUCT_NAME = "$(TARGET_NAME)";
				SDKROOT = watchos;
				SWIFT_EMIT_LOC_STRINGS = NO;
				SWIFT_VERSION = 5.0;
				TARGETED_DEVICE_FAMILY = 4;
				TEST_HOST = "$(BUILT_PRODUCTS_DIR)/StorytelWatch Watch App.app/$(BUNDLE_EXECUTABLE_FOLDER_PATH)/StorytelWatch Watch App";
				WATCHOS_DEPLOYMENT_TARGET = 9.0;
			};
			name = Debug;
		};
		77DDCBE228DF35DC00349567 /* Release */ = {
			isa = XCBuildConfiguration;
			buildSettings = {
				ALWAYS_EMBED_SWIFT_STANDARD_LIBRARIES = YES;
				BUNDLE_LOADER = "$(TEST_HOST)";
				CODE_SIGN_STYLE = Automatic;
				CURRENT_PROJECT_VERSION = 1;
				DEVELOPMENT_TEAM = 5RY5NF7FKU;
				GENERATE_INFOPLIST_FILE = YES;
				MARKETING_VERSION = 1.0;
				PRODUCT_BUNDLE_IDENTIFIER = "com.leotils.StorytelWatch-Watch-AppTests";
				PRODUCT_NAME = "$(TARGET_NAME)";
				SDKROOT = watchos;
				SWIFT_EMIT_LOC_STRINGS = NO;
				SWIFT_VERSION = 5.0;
				TARGETED_DEVICE_FAMILY = 4;
				TEST_HOST = "$(BUILT_PRODUCTS_DIR)/StorytelWatch Watch App.app/$(BUNDLE_EXECUTABLE_FOLDER_PATH)/StorytelWatch Watch App";
				WATCHOS_DEPLOYMENT_TARGET = 9.0;
			};
			name = Release;
		};
		77F3BABB28D508C40065045D /* Debug */ = {
			isa = XCBuildConfiguration;
			buildSettings = {
				ALWAYS_SEARCH_USER_PATHS = NO;
				CLANG_ANALYZER_NONNULL = YES;
				CLANG_ANALYZER_NUMBER_OBJECT_CONVERSION = YES_AGGRESSIVE;
				CLANG_CXX_LANGUAGE_STANDARD = "gnu++20";
				CLANG_ENABLE_MODULES = YES;
				CLANG_ENABLE_OBJC_ARC = YES;
				CLANG_ENABLE_OBJC_WEAK = YES;
				CLANG_WARN_BLOCK_CAPTURE_AUTORELEASING = YES;
				CLANG_WARN_BOOL_CONVERSION = YES;
				CLANG_WARN_COMMA = YES;
				CLANG_WARN_CONSTANT_CONVERSION = YES;
				CLANG_WARN_DEPRECATED_OBJC_IMPLEMENTATIONS = YES;
				CLANG_WARN_DIRECT_OBJC_ISA_USAGE = YES_ERROR;
				CLANG_WARN_DOCUMENTATION_COMMENTS = YES;
				CLANG_WARN_EMPTY_BODY = YES;
				CLANG_WARN_ENUM_CONVERSION = YES;
				CLANG_WARN_INFINITE_RECURSION = YES;
				CLANG_WARN_INT_CONVERSION = YES;
				CLANG_WARN_NON_LITERAL_NULL_CONVERSION = YES;
				CLANG_WARN_OBJC_IMPLICIT_RETAIN_SELF = YES;
				CLANG_WARN_OBJC_LITERAL_CONVERSION = YES;
				CLANG_WARN_OBJC_ROOT_CLASS = YES_ERROR;
				CLANG_WARN_QUOTED_INCLUDE_IN_FRAMEWORK_HEADER = YES;
				CLANG_WARN_RANGE_LOOP_ANALYSIS = YES;
				CLANG_WARN_STRICT_PROTOTYPES = YES;
				CLANG_WARN_SUSPICIOUS_MOVE = YES;
				CLANG_WARN_UNGUARDED_AVAILABILITY = YES_AGGRESSIVE;
				CLANG_WARN_UNREACHABLE_CODE = YES;
				CLANG_WARN__DUPLICATE_METHOD_MATCH = YES;
				COPY_PHASE_STRIP = NO;
				DEBUG_INFORMATION_FORMAT = dwarf;
				ENABLE_STRICT_OBJC_MSGSEND = YES;
				ENABLE_TESTABILITY = YES;
				GCC_C_LANGUAGE_STANDARD = gnu11;
				GCC_DYNAMIC_NO_PIC = NO;
				GCC_NO_COMMON_BLOCKS = YES;
				GCC_OPTIMIZATION_LEVEL = 0;
				GCC_PREPROCESSOR_DEFINITIONS = (
					"DEBUG=1",
					"$(inherited)",
				);
				GCC_WARN_64_TO_32_BIT_CONVERSION = YES;
				GCC_WARN_ABOUT_RETURN_TYPE = YES_ERROR;
				GCC_WARN_UNDECLARED_SELECTOR = YES;
				GCC_WARN_UNINITIALIZED_AUTOS = YES_AGGRESSIVE;
				GCC_WARN_UNUSED_FUNCTION = YES;
				GCC_WARN_UNUSED_VARIABLE = YES;
				IPHONEOS_DEPLOYMENT_TARGET = 16.0;
				MTL_ENABLE_DEBUG_INFO = INCLUDE_SOURCE;
				MTL_FAST_MATH = YES;
				ONLY_ACTIVE_ARCH = YES;
				SDKROOT = iphoneos;
				SWIFT_ACTIVE_COMPILATION_CONDITIONS = DEBUG;
				SWIFT_OPTIMIZATION_LEVEL = "-Onone";
			};
			name = Debug;
		};
		77F3BABC28D508C40065045D /* Release */ = {
			isa = XCBuildConfiguration;
			buildSettings = {
				ALWAYS_SEARCH_USER_PATHS = NO;
				CLANG_ANALYZER_NONNULL = YES;
				CLANG_ANALYZER_NUMBER_OBJECT_CONVERSION = YES_AGGRESSIVE;
				CLANG_CXX_LANGUAGE_STANDARD = "gnu++20";
				CLANG_ENABLE_MODULES = YES;
				CLANG_ENABLE_OBJC_ARC = YES;
				CLANG_ENABLE_OBJC_WEAK = YES;
				CLANG_WARN_BLOCK_CAPTURE_AUTORELEASING = YES;
				CLANG_WARN_BOOL_CONVERSION = YES;
				CLANG_WARN_COMMA = YES;
				CLANG_WARN_CONSTANT_CONVERSION = YES;
				CLANG_WARN_DEPRECATED_OBJC_IMPLEMENTATIONS = YES;
				CLANG_WARN_DIRECT_OBJC_ISA_USAGE = YES_ERROR;
				CLANG_WARN_DOCUMENTATION_COMMENTS = YES;
				CLANG_WARN_EMPTY_BODY = YES;
				CLANG_WARN_ENUM_CONVERSION = YES;
				CLANG_WARN_INFINITE_RECURSION = YES;
				CLANG_WARN_INT_CONVERSION = YES;
				CLANG_WARN_NON_LITERAL_NULL_CONVERSION = YES;
				CLANG_WARN_OBJC_IMPLICIT_RETAIN_SELF = YES;
				CLANG_WARN_OBJC_LITERAL_CONVERSION = YES;
				CLANG_WARN_OBJC_ROOT_CLASS = YES_ERROR;
				CLANG_WARN_QUOTED_INCLUDE_IN_FRAMEWORK_HEADER = YES;
				CLANG_WARN_RANGE_LOOP_ANALYSIS = YES;
				CLANG_WARN_STRICT_PROTOTYPES = YES;
				CLANG_WARN_SUSPICIOUS_MOVE = YES;
				CLANG_WARN_UNGUARDED_AVAILABILITY = YES_AGGRESSIVE;
				CLANG_WARN_UNREACHABLE_CODE = YES;
				CLANG_WARN__DUPLICATE_METHOD_MATCH = YES;
				COPY_PHASE_STRIP = NO;
				DEBUG_INFORMATION_FORMAT = "dwarf-with-dsym";
				ENABLE_NS_ASSERTIONS = NO;
				ENABLE_STRICT_OBJC_MSGSEND = YES;
				GCC_C_LANGUAGE_STANDARD = gnu11;
				GCC_NO_COMMON_BLOCKS = YES;
				GCC_WARN_64_TO_32_BIT_CONVERSION = YES;
				GCC_WARN_ABOUT_RETURN_TYPE = YES_ERROR;
				GCC_WARN_UNDECLARED_SELECTOR = YES;
				GCC_WARN_UNINITIALIZED_AUTOS = YES_AGGRESSIVE;
				GCC_WARN_UNUSED_FUNCTION = YES;
				GCC_WARN_UNUSED_VARIABLE = YES;
				IPHONEOS_DEPLOYMENT_TARGET = 16.0;
				MTL_ENABLE_DEBUG_INFO = NO;
				MTL_FAST_MATH = YES;
				SDKROOT = iphoneos;
				SWIFT_COMPILATION_MODE = wholemodule;
				SWIFT_OPTIMIZATION_LEVEL = "-O";
				VALIDATE_PRODUCT = YES;
			};
			name = Release;
		};
		77F3BABE28D508C40065045D /* Debug */ = {
			isa = XCBuildConfiguration;
			buildSettings = {
				ASSETCATALOG_COMPILER_APPICON_NAME = AppIcon;
				ASSETCATALOG_COMPILER_GLOBAL_ACCENT_COLOR_NAME = AccentColor;
				CODE_SIGN_STYLE = Automatic;
				CURRENT_PROJECT_VERSION = 1;
				DEVELOPMENT_TEAM = 5RY5NF7FKU;
				GENERATE_INFOPLIST_FILE = YES;
				INFOPLIST_FILE = "Storytel iOS App/Info.plist";
				INFOPLIST_KEY_UIApplicationSupportsIndirectInputEvents = YES;
				INFOPLIST_KEY_UILaunchStoryboardName = LaunchScreen;
				INFOPLIST_KEY_UISupportedInterfaceOrientations_iPad = "UIInterfaceOrientationPortrait UIInterfaceOrientationPortraitUpsideDown UIInterfaceOrientationLandscapeLeft UIInterfaceOrientationLandscapeRight";
				INFOPLIST_KEY_UISupportedInterfaceOrientations_iPhone = "UIInterfaceOrientationPortrait UIInterfaceOrientationLandscapeLeft UIInterfaceOrientationLandscapeRight";
				LD_RUNPATH_SEARCH_PATHS = (
					"$(inherited)",
					"@executable_path/Frameworks",
				);
				MARKETING_VERSION = 1.0;
				PRODUCT_BUNDLE_IDENTIFIER = com.leotils.Storytel;
				PRODUCT_NAME = "$(TARGET_NAME)";
				SWIFT_EMIT_LOC_STRINGS = YES;
				SWIFT_VERSION = 5.0;
				TARGETED_DEVICE_FAMILY = "1,2";
			};
			name = Debug;
		};
		77F3BABF28D508C40065045D /* Release */ = {
			isa = XCBuildConfiguration;
			buildSettings = {
				ASSETCATALOG_COMPILER_APPICON_NAME = AppIcon;
				ASSETCATALOG_COMPILER_GLOBAL_ACCENT_COLOR_NAME = AccentColor;
				CODE_SIGN_STYLE = Automatic;
				CURRENT_PROJECT_VERSION = 1;
				DEVELOPMENT_TEAM = 5RY5NF7FKU;
				GENERATE_INFOPLIST_FILE = YES;
				INFOPLIST_FILE = "Storytel iOS App/Info.plist";
				INFOPLIST_KEY_UIApplicationSupportsIndirectInputEvents = YES;
				INFOPLIST_KEY_UILaunchStoryboardName = LaunchScreen;
				INFOPLIST_KEY_UISupportedInterfaceOrientations_iPad = "UIInterfaceOrientationPortrait UIInterfaceOrientationPortraitUpsideDown UIInterfaceOrientationLandscapeLeft UIInterfaceOrientationLandscapeRight";
				INFOPLIST_KEY_UISupportedInterfaceOrientations_iPhone = "UIInterfaceOrientationPortrait UIInterfaceOrientationLandscapeLeft UIInterfaceOrientationLandscapeRight";
				LD_RUNPATH_SEARCH_PATHS = (
					"$(inherited)",
					"@executable_path/Frameworks",
				);
				MARKETING_VERSION = 1.0;
				PRODUCT_BUNDLE_IDENTIFIER = com.leotils.Storytel;
				PRODUCT_NAME = "$(TARGET_NAME)";
				SWIFT_EMIT_LOC_STRINGS = YES;
				SWIFT_VERSION = 5.0;
				TARGETED_DEVICE_FAMILY = "1,2";
			};
			name = Release;
		};
		77F3BAC128D508C40065045D /* Debug */ = {
			isa = XCBuildConfiguration;
			buildSettings = {
				ALWAYS_EMBED_SWIFT_STANDARD_LIBRARIES = YES;
				BUNDLE_LOADER = "$(TEST_HOST)";
				CODE_SIGN_STYLE = Automatic;
				CURRENT_PROJECT_VERSION = 1;
				DEVELOPMENT_TEAM = 5RY5NF7FKU;
				GENERATE_INFOPLIST_FILE = YES;
				IPHONEOS_DEPLOYMENT_TARGET = 16.0;
				MARKETING_VERSION = 1.0;
				PRODUCT_BUNDLE_IDENTIFIER = "com.leotils.Storytel-AssignmentTests";
				PRODUCT_NAME = "$(TARGET_NAME)";
				SWIFT_EMIT_LOC_STRINGS = NO;
				SWIFT_VERSION = 5.0;
				TARGETED_DEVICE_FAMILY = "1,2";
				TEST_HOST = "$(BUILT_PRODUCTS_DIR)/Storytel.app/$(BUNDLE_EXECUTABLE_FOLDER_PATH)/Storytel";
			};
			name = Debug;
		};
		77F3BAC228D508C40065045D /* Release */ = {
			isa = XCBuildConfiguration;
			buildSettings = {
				ALWAYS_EMBED_SWIFT_STANDARD_LIBRARIES = YES;
				BUNDLE_LOADER = "$(TEST_HOST)";
				CODE_SIGN_STYLE = Automatic;
				CURRENT_PROJECT_VERSION = 1;
				DEVELOPMENT_TEAM = 5RY5NF7FKU;
				GENERATE_INFOPLIST_FILE = YES;
				IPHONEOS_DEPLOYMENT_TARGET = 16.0;
				MARKETING_VERSION = 1.0;
				PRODUCT_BUNDLE_IDENTIFIER = "com.leotils.Storytel-AssignmentTests";
				PRODUCT_NAME = "$(TARGET_NAME)";
				SWIFT_EMIT_LOC_STRINGS = NO;
				SWIFT_VERSION = 5.0;
				TARGETED_DEVICE_FAMILY = "1,2";
				TEST_HOST = "$(BUILT_PRODUCTS_DIR)/Storytel.app/$(BUNDLE_EXECUTABLE_FOLDER_PATH)/Storytel";
			};
			name = Release;
		};
/* End XCBuildConfiguration section */

/* Begin XCConfigurationList section */
		77DDCBD928DF35DC00349567 /* Build configuration list for PBXNativeTarget "StorytelWatch Watch App" */ = {
			isa = XCConfigurationList;
			buildConfigurations = (
				77DDCBDA28DF35DC00349567 /* Debug */,
				77DDCBDB28DF35DC00349567 /* Release */,
			);
			defaultConfigurationIsVisible = 0;
			defaultConfigurationName = Release;
		};
		77DDCBDD28DF35DC00349567 /* Build configuration list for PBXNativeTarget "StorytelWatch" */ = {
			isa = XCConfigurationList;
			buildConfigurations = (
				77DDCBDE28DF35DC00349567 /* Debug */,
				77DDCBDF28DF35DC00349567 /* Release */,
			);
			defaultConfigurationIsVisible = 0;
			defaultConfigurationName = Release;
		};
		77DDCBE028DF35DC00349567 /* Build configuration list for PBXNativeTarget "StorytelWatch Watch AppTests" */ = {
			isa = XCConfigurationList;
			buildConfigurations = (
				77DDCBE128DF35DC00349567 /* Debug */,
				77DDCBE228DF35DC00349567 /* Release */,
			);
			defaultConfigurationIsVisible = 0;
			defaultConfigurationName = Release;
		};
		77F3BA8E28D508C30065045D /* Build configuration list for PBXProject "Storytel" */ = {
			isa = XCConfigurationList;
			buildConfigurations = (
				77F3BABB28D508C40065045D /* Debug */,
				77F3BABC28D508C40065045D /* Release */,
			);
			defaultConfigurationIsVisible = 0;
			defaultConfigurationName = Release;
		};
		77F3BABD28D508C40065045D /* Build configuration list for PBXNativeTarget "Storytel" */ = {
			isa = XCConfigurationList;
			buildConfigurations = (
				77F3BABE28D508C40065045D /* Debug */,
				77F3BABF28D508C40065045D /* Release */,
			);
			defaultConfigurationIsVisible = 0;
			defaultConfigurationName = Release;
		};
		77F3BAC028D508C40065045D /* Build configuration list for PBXNativeTarget "StorytelTests" */ = {
			isa = XCConfigurationList;
			buildConfigurations = (
				77F3BAC128D508C40065045D /* Debug */,
				77F3BAC228D508C40065045D /* Release */,
			);
			defaultConfigurationIsVisible = 0;
			defaultConfigurationName = Release;
		};
/* End XCConfigurationList section */

/* Begin XCRemoteSwiftPackageReference section */
		774F3B7128DF3977004A3185 /* XCRemoteSwiftPackageReference "swift-snapshot-testing" */ = {
			isa = XCRemoteSwiftPackageReference;
			repositoryURL = "https://github.com/pointfreeco/swift-snapshot-testing.git";
			requirement = {
				kind = upToNextMajorVersion;
				minimumVersion = 1.9.0;
			};
		};
/* End XCRemoteSwiftPackageReference section */

/* Begin XCSwiftPackageProductDependency section */
		774F3B7228DF3977004A3185 /* SnapshotTesting */ = {
			isa = XCSwiftPackageProductDependency;
			package = 774F3B7128DF3977004A3185 /* XCRemoteSwiftPackageReference "swift-snapshot-testing" */;
			productName = SnapshotTesting;
		};
/* End XCSwiftPackageProductDependency section */
	};
	rootObject = 77F3BA8B28D508C30065045D /* Project object */;
}
