// !$*UTF8*$!
{
	archiveVersion = 1;
	classes = {
	};
	objectVersion = 56;
	objects = {

/* Begin PBXBuildFile section */
		7735446B28D89D8C000A5CF0 /* UIImage+SolidColor.swift in Sources */ = {isa = PBXBuildFile; fileRef = 7735446A28D89D8C000A5CF0 /* UIImage+SolidColor.swift */; };
		7735446E28D8E076000A5CF0 /* ApiQueryService.swift in Sources */ = {isa = PBXBuildFile; fileRef = 7735446D28D8E076000A5CF0 /* ApiQueryService.swift */; };
		7735447028D8F8CB000A5CF0 /* ApiQueryRequest.swift in Sources */ = {isa = PBXBuildFile; fileRef = 7735446F28D8F8CB000A5CF0 /* ApiQueryRequest.swift */; };
		7735447228D8F910000A5CF0 /* UrlRequestBuildable.swift in Sources */ = {isa = PBXBuildFile; fileRef = 7735447128D8F910000A5CF0 /* UrlRequestBuildable.swift */; };
		7735447428D91BCB000A5CF0 /* ApiQueryResult.swift in Sources */ = {isa = PBXBuildFile; fileRef = 7735447328D91BCB000A5CF0 /* ApiQueryResult.swift */; };
		7735447628D92659000A5CF0 /* URLSessionType.swift in Sources */ = {isa = PBXBuildFile; fileRef = 7735447528D92659000A5CF0 /* URLSessionType.swift */; };
		7735447828D92C84000A5CF0 /* UrlRequestBuildableTests.swift in Sources */ = {isa = PBXBuildFile; fileRef = 7735447728D92C84000A5CF0 /* UrlRequestBuildableTests.swift */; };
		7735447A28D93BA9000A5CF0 /* ApiQueryResultTests.swift in Sources */ = {isa = PBXBuildFile; fileRef = 7735447928D93BA9000A5CF0 /* ApiQueryResultTests.swift */; };
		7735447C28DB83E8000A5CF0 /* QueryResultsViewModel.swift in Sources */ = {isa = PBXBuildFile; fileRef = 7735447B28DB83E8000A5CF0 /* QueryResultsViewModel.swift */; };
		7735447E28DB991F000A5CF0 /* QueryHeaderTableViewCell.swift in Sources */ = {isa = PBXBuildFile; fileRef = 7735447D28DB991F000A5CF0 /* QueryHeaderTableViewCell.swift */; };
		7735448028DC8DE9000A5CF0 /* QueryHeaderTableViewCellSnapshotTests.swift in Sources */ = {isa = PBXBuildFile; fileRef = 7735447F28DC8DE9000A5CF0 /* QueryHeaderTableViewCellSnapshotTests.swift */; };
		7735448228DC97B2000A5CF0 /* QueryLoaderTableViewCell.swift in Sources */ = {isa = PBXBuildFile; fileRef = 7735448128DC97B2000A5CF0 /* QueryLoaderTableViewCell.swift */; };
		7735448428DC9988000A5CF0 /* QueryLoaderTableViewCellSnapshotTests.swift in Sources */ = {isa = PBXBuildFile; fileRef = 7735448328DC9988000A5CF0 /* QueryLoaderTableViewCellSnapshotTests.swift */; };
		7735448628DCA5C0000A5CF0 /* QueryModel.swift in Sources */ = {isa = PBXBuildFile; fileRef = 7735448528DCA5C0000A5CF0 /* QueryModel.swift */; };
		77F3BA9728D508C30065045D /* AppDelegate.swift in Sources */ = {isa = PBXBuildFile; fileRef = 77F3BA9628D508C30065045D /* AppDelegate.swift */; };
		77F3BA9928D508C30065045D /* SceneDelegate.swift in Sources */ = {isa = PBXBuildFile; fileRef = 77F3BA9828D508C30065045D /* SceneDelegate.swift */; };
		77F3BAA028D508C40065045D /* Assets.xcassets in Resources */ = {isa = PBXBuildFile; fileRef = 77F3BA9F28D508C40065045D /* Assets.xcassets */; };
		77F3BAA328D508C40065045D /* LaunchScreen.storyboard in Resources */ = {isa = PBXBuildFile; fileRef = 77F3BAA128D508C40065045D /* LaunchScreen.storyboard */; };
		77F3BAAE28D508C40065045D /* QueryResultsViewControllerSnapshotTests.swift in Sources */ = {isa = PBXBuildFile; fileRef = 77F3BAAD28D508C40065045D /* QueryResultsViewControllerSnapshotTests.swift */; };
		77F3BAB828D508C40065045D /* Storytel_AssignmentUITests.swift in Sources */ = {isa = PBXBuildFile; fileRef = 77F3BAB728D508C40065045D /* Storytel_AssignmentUITests.swift */; };
		77F3BABA28D508C40065045D /* Storytel_AssignmentUITestsLaunchTests.swift in Sources */ = {isa = PBXBuildFile; fileRef = 77F3BAB928D508C40065045D /* Storytel_AssignmentUITestsLaunchTests.swift */; };
		77F3BAC828D7646F0065045D /* SnapshotTesting in Frameworks */ = {isa = PBXBuildFile; productRef = 77F3BAC728D7646F0065045D /* SnapshotTesting */; };
		77F3BACA28D765800065045D /* QueryResultsViewController.swift in Sources */ = {isa = PBXBuildFile; fileRef = 77F3BAC928D765800065045D /* QueryResultsViewController.swift */; };
		77F3BACE28D771FE0065045D /* QueryResultTableViewCellSnapshotTests.swift in Sources */ = {isa = PBXBuildFile; fileRef = 77F3BACD28D771FE0065045D /* QueryResultTableViewCellSnapshotTests.swift */; };
		77F3BAD028D7761B0065045D /* QueryResultTableViewCell.swift in Sources */ = {isa = PBXBuildFile; fileRef = 77F3BACF28D7761B0065045D /* QueryResultTableViewCell.swift */; };
/* End PBXBuildFile section */

/* Begin PBXContainerItemProxy section */
		77F3BAAA28D508C40065045D /* PBXContainerItemProxy */ = {
			isa = PBXContainerItemProxy;
			containerPortal = 77F3BA8B28D508C30065045D /* Project object */;
			proxyType = 1;
			remoteGlobalIDString = 77F3BA9228D508C30065045D;
			remoteInfo = "Storytel-Assignment";
		};
		77F3BAB428D508C40065045D /* PBXContainerItemProxy */ = {
			isa = PBXContainerItemProxy;
			containerPortal = 77F3BA8B28D508C30065045D /* Project object */;
			proxyType = 1;
			remoteGlobalIDString = 77F3BA9228D508C30065045D;
			remoteInfo = "Storytel-Assignment";
		};
/* End PBXContainerItemProxy section */

/* Begin PBXFileReference section */
		7735446A28D89D8C000A5CF0 /* UIImage+SolidColor.swift */ = {isa = PBXFileReference; lastKnownFileType = sourcecode.swift; path = "UIImage+SolidColor.swift"; sourceTree = "<group>"; };
		7735446D28D8E076000A5CF0 /* ApiQueryService.swift */ = {isa = PBXFileReference; lastKnownFileType = sourcecode.swift; path = ApiQueryService.swift; sourceTree = "<group>"; };
		7735446F28D8F8CB000A5CF0 /* ApiQueryRequest.swift */ = {isa = PBXFileReference; lastKnownFileType = sourcecode.swift; path = ApiQueryRequest.swift; sourceTree = "<group>"; };
		7735447128D8F910000A5CF0 /* UrlRequestBuildable.swift */ = {isa = PBXFileReference; lastKnownFileType = sourcecode.swift; path = UrlRequestBuildable.swift; sourceTree = "<group>"; };
		7735447328D91BCB000A5CF0 /* ApiQueryResult.swift */ = {isa = PBXFileReference; lastKnownFileType = sourcecode.swift; path = ApiQueryResult.swift; sourceTree = "<group>"; };
		7735447528D92659000A5CF0 /* URLSessionType.swift */ = {isa = PBXFileReference; lastKnownFileType = sourcecode.swift; path = URLSessionType.swift; sourceTree = "<group>"; };
		7735447728D92C84000A5CF0 /* UrlRequestBuildableTests.swift */ = {isa = PBXFileReference; lastKnownFileType = sourcecode.swift; path = UrlRequestBuildableTests.swift; sourceTree = "<group>"; };
		7735447928D93BA9000A5CF0 /* ApiQueryResultTests.swift */ = {isa = PBXFileReference; lastKnownFileType = sourcecode.swift; path = ApiQueryResultTests.swift; sourceTree = "<group>"; };
		7735447B28DB83E8000A5CF0 /* QueryResultsViewModel.swift */ = {isa = PBXFileReference; lastKnownFileType = sourcecode.swift; path = QueryResultsViewModel.swift; sourceTree = "<group>"; };
		7735447D28DB991F000A5CF0 /* QueryHeaderTableViewCell.swift */ = {isa = PBXFileReference; lastKnownFileType = sourcecode.swift; path = QueryHeaderTableViewCell.swift; sourceTree = "<group>"; };
		7735447F28DC8DE9000A5CF0 /* QueryHeaderTableViewCellSnapshotTests.swift */ = {isa = PBXFileReference; lastKnownFileType = sourcecode.swift; path = QueryHeaderTableViewCellSnapshotTests.swift; sourceTree = "<group>"; };
		7735448128DC97B2000A5CF0 /* QueryLoaderTableViewCell.swift */ = {isa = PBXFileReference; lastKnownFileType = sourcecode.swift; path = QueryLoaderTableViewCell.swift; sourceTree = "<group>"; };
		7735448328DC9988000A5CF0 /* QueryLoaderTableViewCellSnapshotTests.swift */ = {isa = PBXFileReference; lastKnownFileType = sourcecode.swift; path = QueryLoaderTableViewCellSnapshotTests.swift; sourceTree = "<group>"; };
		7735448528DCA5C0000A5CF0 /* QueryModel.swift */ = {isa = PBXFileReference; lastKnownFileType = sourcecode.swift; path = QueryModel.swift; sourceTree = "<group>"; };
		77F3BA9328D508C30065045D /* Storytel-Assignment.app */ = {isa = PBXFileReference; explicitFileType = wrapper.application; includeInIndex = 0; path = "Storytel-Assignment.app"; sourceTree = BUILT_PRODUCTS_DIR; };
		77F3BA9628D508C30065045D /* AppDelegate.swift */ = {isa = PBXFileReference; lastKnownFileType = sourcecode.swift; path = AppDelegate.swift; sourceTree = "<group>"; };
		77F3BA9828D508C30065045D /* SceneDelegate.swift */ = {isa = PBXFileReference; lastKnownFileType = sourcecode.swift; path = SceneDelegate.swift; sourceTree = "<group>"; };
		77F3BA9F28D508C40065045D /* Assets.xcassets */ = {isa = PBXFileReference; lastKnownFileType = folder.assetcatalog; path = Assets.xcassets; sourceTree = "<group>"; };
		77F3BAA228D508C40065045D /* Base */ = {isa = PBXFileReference; lastKnownFileType = file.storyboard; name = Base; path = Base.lproj/LaunchScreen.storyboard; sourceTree = "<group>"; };
		77F3BAA428D508C40065045D /* Info.plist */ = {isa = PBXFileReference; lastKnownFileType = text.plist.xml; path = Info.plist; sourceTree = "<group>"; };
		77F3BAA928D508C40065045D /* Storytel-AssignmentTests.xctest */ = {isa = PBXFileReference; explicitFileType = wrapper.cfbundle; includeInIndex = 0; path = "Storytel-AssignmentTests.xctest"; sourceTree = BUILT_PRODUCTS_DIR; };
		77F3BAAD28D508C40065045D /* QueryResultsViewControllerSnapshotTests.swift */ = {isa = PBXFileReference; lastKnownFileType = sourcecode.swift; path = QueryResultsViewControllerSnapshotTests.swift; sourceTree = "<group>"; };
		77F3BAB328D508C40065045D /* Storytel-AssignmentUITests.xctest */ = {isa = PBXFileReference; explicitFileType = wrapper.cfbundle; includeInIndex = 0; path = "Storytel-AssignmentUITests.xctest"; sourceTree = BUILT_PRODUCTS_DIR; };
		77F3BAB728D508C40065045D /* Storytel_AssignmentUITests.swift */ = {isa = PBXFileReference; lastKnownFileType = sourcecode.swift; path = Storytel_AssignmentUITests.swift; sourceTree = "<group>"; };
		77F3BAB928D508C40065045D /* Storytel_AssignmentUITestsLaunchTests.swift */ = {isa = PBXFileReference; lastKnownFileType = sourcecode.swift; path = Storytel_AssignmentUITestsLaunchTests.swift; sourceTree = "<group>"; };
		77F3BAC928D765800065045D /* QueryResultsViewController.swift */ = {isa = PBXFileReference; lastKnownFileType = sourcecode.swift; path = QueryResultsViewController.swift; sourceTree = "<group>"; };
		77F3BACD28D771FE0065045D /* QueryResultTableViewCellSnapshotTests.swift */ = {isa = PBXFileReference; lastKnownFileType = sourcecode.swift; path = QueryResultTableViewCellSnapshotTests.swift; sourceTree = "<group>"; };
		77F3BACF28D7761B0065045D /* QueryResultTableViewCell.swift */ = {isa = PBXFileReference; lastKnownFileType = sourcecode.swift; path = QueryResultTableViewCell.swift; sourceTree = "<group>"; };
/* End PBXFileReference section */

/* Begin PBXFrameworksBuildPhase section */
		77F3BA9028D508C30065045D /* Frameworks */ = {
			isa = PBXFrameworksBuildPhase;
			buildActionMask = 2147483647;
			files = (
			);
			runOnlyForDeploymentPostprocessing = 0;
		};
		77F3BAA628D508C40065045D /* Frameworks */ = {
			isa = PBXFrameworksBuildPhase;
			buildActionMask = 2147483647;
			files = (
				77F3BAC828D7646F0065045D /* SnapshotTesting in Frameworks */,
			);
			runOnlyForDeploymentPostprocessing = 0;
		};
		77F3BAB028D508C40065045D /* Frameworks */ = {
			isa = PBXFrameworksBuildPhase;
			buildActionMask = 2147483647;
			files = (
			);
			runOnlyForDeploymentPostprocessing = 0;
		};
/* End PBXFrameworksBuildPhase section */

/* Begin PBXGroup section */
		7735446328D7D7DA000A5CF0 /* QueryResults */ = {
			isa = PBXGroup;
			children = (
				7735446428D7D800000A5CF0 /* View */,
			);
			path = QueryResults;
			sourceTree = "<group>";
		};
		7735446428D7D800000A5CF0 /* View */ = {
			isa = PBXGroup;
			children = (
				77F3BAC928D765800065045D /* QueryResultsViewController.swift */,
				7735447B28DB83E8000A5CF0 /* QueryResultsViewModel.swift */,
				77F3BACF28D7761B0065045D /* QueryResultTableViewCell.swift */,
				7735447D28DB991F000A5CF0 /* QueryHeaderTableViewCell.swift */,
				7735448128DC97B2000A5CF0 /* QueryLoaderTableViewCell.swift */,
				7735448528DCA5C0000A5CF0 /* QueryModel.swift */,
			);
			path = View;
			sourceTree = "<group>";
		};
		7735446928D89D6B000A5CF0 /* Utilities */ = {
			isa = PBXGroup;
			children = (
				7735446A28D89D8C000A5CF0 /* UIImage+SolidColor.swift */,
			);
			path = Utilities;
			sourceTree = "<group>";
		};
		7735446C28D8DB89000A5CF0 /* Network */ = {
			isa = PBXGroup;
			children = (
				7735447128D8F910000A5CF0 /* UrlRequestBuildable.swift */,
				7735447528D92659000A5CF0 /* URLSessionType.swift */,
				7735446D28D8E076000A5CF0 /* ApiQueryService.swift */,
				7735446F28D8F8CB000A5CF0 /* ApiQueryRequest.swift */,
				7735447328D91BCB000A5CF0 /* ApiQueryResult.swift */,
			);
			path = Network;
			sourceTree = "<group>";
		};
		77F3BA8A28D508C30065045D = {
			isa = PBXGroup;
			children = (
				77F3BA9528D508C30065045D /* Storytel-Assignment */,
				77F3BAAC28D508C40065045D /* Storytel-AssignmentTests */,
				77F3BAB628D508C40065045D /* Storytel-AssignmentUITests */,
				77F3BA9428D508C30065045D /* Products */,
			);
			sourceTree = "<group>";
		};
		77F3BA9428D508C30065045D /* Products */ = {
			isa = PBXGroup;
			children = (
				77F3BA9328D508C30065045D /* Storytel-Assignment.app */,
				77F3BAA928D508C40065045D /* Storytel-AssignmentTests.xctest */,
				77F3BAB328D508C40065045D /* Storytel-AssignmentUITests.xctest */,
			);
			name = Products;
			sourceTree = "<group>";
		};
		77F3BA9528D508C30065045D /* Storytel-Assignment */ = {
			isa = PBXGroup;
			children = (
				77F3BA9628D508C30065045D /* AppDelegate.swift */,
				77F3BA9828D508C30065045D /* SceneDelegate.swift */,
				7735446C28D8DB89000A5CF0 /* Network */,
				7735446928D89D6B000A5CF0 /* Utilities */,
				7735446328D7D7DA000A5CF0 /* QueryResults */,
				77F3BA9F28D508C40065045D /* Assets.xcassets */,
				77F3BAA128D508C40065045D /* LaunchScreen.storyboard */,
				77F3BAA428D508C40065045D /* Info.plist */,
			);
			path = "Storytel-Assignment";
			sourceTree = "<group>";
		};
		77F3BAAC28D508C40065045D /* Storytel-AssignmentTests */ = {
			isa = PBXGroup;
			children = (
				7735447928D93BA9000A5CF0 /* ApiQueryResultTests.swift */,
				7735447728D92C84000A5CF0 /* UrlRequestBuildableTests.swift */,
				77F3BAAD28D508C40065045D /* QueryResultsViewControllerSnapshotTests.swift */,
				77F3BACD28D771FE0065045D /* QueryResultTableViewCellSnapshotTests.swift */,
				7735447F28DC8DE9000A5CF0 /* QueryHeaderTableViewCellSnapshotTests.swift */,
				7735448328DC9988000A5CF0 /* QueryLoaderTableViewCellSnapshotTests.swift */,
			);
			path = "Storytel-AssignmentTests";
			sourceTree = "<group>";
		};
		77F3BAB628D508C40065045D /* Storytel-AssignmentUITests */ = {
			isa = PBXGroup;
			children = (
				77F3BAB728D508C40065045D /* Storytel_AssignmentUITests.swift */,
				77F3BAB928D508C40065045D /* Storytel_AssignmentUITestsLaunchTests.swift */,
			);
			path = "Storytel-AssignmentUITests";
			sourceTree = "<group>";
		};
/* End PBXGroup section */

/* Begin PBXNativeTarget section */
		77F3BA9228D508C30065045D /* Storytel-Assignment */ = {
			isa = PBXNativeTarget;
			buildConfigurationList = 77F3BABD28D508C40065045D /* Build configuration list for PBXNativeTarget "Storytel-Assignment" */;
			buildPhases = (
				77F3BA8F28D508C30065045D /* Sources */,
				77F3BA9028D508C30065045D /* Frameworks */,
				77F3BA9128D508C30065045D /* Resources */,
			);
			buildRules = (
			);
			dependencies = (
			);
			name = "Storytel-Assignment";
			productName = "Storytel-Assignment";
			productReference = 77F3BA9328D508C30065045D /* Storytel-Assignment.app */;
			productType = "com.apple.product-type.application";
		};
		77F3BAA828D508C40065045D /* Storytel-AssignmentTests */ = {
			isa = PBXNativeTarget;
			buildConfigurationList = 77F3BAC028D508C40065045D /* Build configuration list for PBXNativeTarget "Storytel-AssignmentTests" */;
			buildPhases = (
				77F3BAA528D508C40065045D /* Sources */,
				77F3BAA628D508C40065045D /* Frameworks */,
				77F3BAA728D508C40065045D /* Resources */,
			);
			buildRules = (
			);
			dependencies = (
				77F3BAAB28D508C40065045D /* PBXTargetDependency */,
			);
			name = "Storytel-AssignmentTests";
			packageProductDependencies = (
				77F3BAC728D7646F0065045D /* SnapshotTesting */,
			);
			productName = "Storytel-AssignmentTests";
			productReference = 77F3BAA928D508C40065045D /* Storytel-AssignmentTests.xctest */;
			productType = "com.apple.product-type.bundle.unit-test";
		};
		77F3BAB228D508C40065045D /* Storytel-AssignmentUITests */ = {
			isa = PBXNativeTarget;
			buildConfigurationList = 77F3BAC328D508C40065045D /* Build configuration list for PBXNativeTarget "Storytel-AssignmentUITests" */;
			buildPhases = (
				77F3BAAF28D508C40065045D /* Sources */,
				77F3BAB028D508C40065045D /* Frameworks */,
				77F3BAB128D508C40065045D /* Resources */,
			);
			buildRules = (
			);
			dependencies = (
				77F3BAB528D508C40065045D /* PBXTargetDependency */,
			);
			name = "Storytel-AssignmentUITests";
			productName = "Storytel-AssignmentUITests";
			productReference = 77F3BAB328D508C40065045D /* Storytel-AssignmentUITests.xctest */;
			productType = "com.apple.product-type.bundle.ui-testing";
		};
/* End PBXNativeTarget section */

/* Begin PBXProject section */
		77F3BA8B28D508C30065045D /* Project object */ = {
			isa = PBXProject;
			attributes = {
				BuildIndependentTargetsInParallel = 1;
				LastSwiftUpdateCheck = 1400;
				LastUpgradeCheck = 1400;
				TargetAttributes = {
					77F3BA9228D508C30065045D = {
						CreatedOnToolsVersion = 14.0;
					};
					77F3BAA828D508C40065045D = {
						CreatedOnToolsVersion = 14.0;
						TestTargetID = 77F3BA9228D508C30065045D;
					};
					77F3BAB228D508C40065045D = {
						CreatedOnToolsVersion = 14.0;
						TestTargetID = 77F3BA9228D508C30065045D;
					};
				};
			};
			buildConfigurationList = 77F3BA8E28D508C30065045D /* Build configuration list for PBXProject "Storytel-Assignment" */;
			compatibilityVersion = "Xcode 14.0";
			developmentRegion = en;
			hasScannedForEncodings = 0;
			knownRegions = (
				en,
				Base,
			);
			mainGroup = 77F3BA8A28D508C30065045D;
			packageReferences = (
				77F3BAC628D7646F0065045D /* XCRemoteSwiftPackageReference "swift-snapshot-testing" */,
			);
			productRefGroup = 77F3BA9428D508C30065045D /* Products */;
			projectDirPath = "";
			projectRoot = "";
			targets = (
				77F3BA9228D508C30065045D /* Storytel-Assignment */,
				77F3BAA828D508C40065045D /* Storytel-AssignmentTests */,
				77F3BAB228D508C40065045D /* Storytel-AssignmentUITests */,
			);
		};
/* End PBXProject section */

/* Begin PBXResourcesBuildPhase section */
		77F3BA9128D508C30065045D /* Resources */ = {
			isa = PBXResourcesBuildPhase;
			buildActionMask = 2147483647;
			files = (
				77F3BAA328D508C40065045D /* LaunchScreen.storyboard in Resources */,
				77F3BAA028D508C40065045D /* Assets.xcassets in Resources */,
			);
			runOnlyForDeploymentPostprocessing = 0;
		};
		77F3BAA728D508C40065045D /* Resources */ = {
			isa = PBXResourcesBuildPhase;
			buildActionMask = 2147483647;
			files = (
			);
			runOnlyForDeploymentPostprocessing = 0;
		};
		77F3BAB128D508C40065045D /* Resources */ = {
			isa = PBXResourcesBuildPhase;
			buildActionMask = 2147483647;
			files = (
			);
			runOnlyForDeploymentPostprocessing = 0;
		};
/* End PBXResourcesBuildPhase section */

/* Begin PBXSourcesBuildPhase section */
		77F3BA8F28D508C30065045D /* Sources */ = {
			isa = PBXSourcesBuildPhase;
			buildActionMask = 2147483647;
			files = (
				7735447C28DB83E8000A5CF0 /* QueryResultsViewModel.swift in Sources */,
				77F3BA9728D508C30065045D /* AppDelegate.swift in Sources */,
				77F3BAD028D7761B0065045D /* QueryResultTableViewCell.swift in Sources */,
				7735447028D8F8CB000A5CF0 /* ApiQueryRequest.swift in Sources */,
				7735448628DCA5C0000A5CF0 /* QueryModel.swift in Sources */,
				7735446E28D8E076000A5CF0 /* ApiQueryService.swift in Sources */,
				7735447228D8F910000A5CF0 /* UrlRequestBuildable.swift in Sources */,
				7735447428D91BCB000A5CF0 /* ApiQueryResult.swift in Sources */,
				7735447E28DB991F000A5CF0 /* QueryHeaderTableViewCell.swift in Sources */,
				7735446B28D89D8C000A5CF0 /* UIImage+SolidColor.swift in Sources */,
				77F3BACA28D765800065045D /* QueryResultsViewController.swift in Sources */,
				7735447628D92659000A5CF0 /* URLSessionType.swift in Sources */,
				7735448228DC97B2000A5CF0 /* QueryLoaderTableViewCell.swift in Sources */,
				77F3BA9928D508C30065045D /* SceneDelegate.swift in Sources */,
			);
			runOnlyForDeploymentPostprocessing = 0;
		};
		77F3BAA528D508C40065045D /* Sources */ = {
			isa = PBXSourcesBuildPhase;
			buildActionMask = 2147483647;
			files = (
				7735448028DC8DE9000A5CF0 /* QueryHeaderTableViewCellSnapshotTests.swift in Sources */,
				77F3BAAE28D508C40065045D /* QueryResultsViewControllerSnapshotTests.swift in Sources */,
				77F3BACE28D771FE0065045D /* QueryResultTableViewCellSnapshotTests.swift in Sources */,
				7735447A28D93BA9000A5CF0 /* ApiQueryResultTests.swift in Sources */,
				7735447828D92C84000A5CF0 /* UrlRequestBuildableTests.swift in Sources */,
				7735448428DC9988000A5CF0 /* QueryLoaderTableViewCellSnapshotTests.swift in Sources */,
			);
			runOnlyForDeploymentPostprocessing = 0;
		};
		77F3BAAF28D508C40065045D /* Sources */ = {
			isa = PBXSourcesBuildPhase;
			buildActionMask = 2147483647;
			files = (
				77F3BAB828D508C40065045D /* Storytel_AssignmentUITests.swift in Sources */,
				77F3BABA28D508C40065045D /* Storytel_AssignmentUITestsLaunchTests.swift in Sources */,
			);
			runOnlyForDeploymentPostprocessing = 0;
		};
/* End PBXSourcesBuildPhase section */

/* Begin PBXTargetDependency section */
		77F3BAAB28D508C40065045D /* PBXTargetDependency */ = {
			isa = PBXTargetDependency;
			target = 77F3BA9228D508C30065045D /* Storytel-Assignment */;
			targetProxy = 77F3BAAA28D508C40065045D /* PBXContainerItemProxy */;
		};
		77F3BAB528D508C40065045D /* PBXTargetDependency */ = {
			isa = PBXTargetDependency;
			target = 77F3BA9228D508C30065045D /* Storytel-Assignment */;
			targetProxy = 77F3BAB428D508C40065045D /* PBXContainerItemProxy */;
		};
/* End PBXTargetDependency section */

/* Begin PBXVariantGroup section */
		77F3BAA128D508C40065045D /* LaunchScreen.storyboard */ = {
			isa = PBXVariantGroup;
			children = (
				77F3BAA228D508C40065045D /* Base */,
			);
			name = LaunchScreen.storyboard;
			sourceTree = "<group>";
		};
/* End PBXVariantGroup section */

/* Begin XCBuildConfiguration section */
		77F3BABB28D508C40065045D /* Debug */ = {
			isa = XCBuildConfiguration;
			buildSettings = {
				ALWAYS_SEARCH_USER_PATHS = NO;
				CLANG_ANALYZER_NONNULL = YES;
				CLANG_ANALYZER_NUMBER_OBJECT_CONVERSION = YES_AGGRESSIVE;
				CLANG_CXX_LANGUAGE_STANDARD = "gnu++20";
				CLANG_ENABLE_MODULES = YES;
				CLANG_ENABLE_OBJC_ARC = YES;
				CLANG_ENABLE_OBJC_WEAK = YES;
				CLANG_WARN_BLOCK_CAPTURE_AUTORELEASING = YES;
				CLANG_WARN_BOOL_CONVERSION = YES;
				CLANG_WARN_COMMA = YES;
				CLANG_WARN_CONSTANT_CONVERSION = YES;
				CLANG_WARN_DEPRECATED_OBJC_IMPLEMENTATIONS = YES;
				CLANG_WARN_DIRECT_OBJC_ISA_USAGE = YES_ERROR;
				CLANG_WARN_DOCUMENTATION_COMMENTS = YES;
				CLANG_WARN_EMPTY_BODY = YES;
				CLANG_WARN_ENUM_CONVERSION = YES;
				CLANG_WARN_INFINITE_RECURSION = YES;
				CLANG_WARN_INT_CONVERSION = YES;
				CLANG_WARN_NON_LITERAL_NULL_CONVERSION = YES;
				CLANG_WARN_OBJC_IMPLICIT_RETAIN_SELF = YES;
				CLANG_WARN_OBJC_LITERAL_CONVERSION = YES;
				CLANG_WARN_OBJC_ROOT_CLASS = YES_ERROR;
				CLANG_WARN_QUOTED_INCLUDE_IN_FRAMEWORK_HEADER = YES;
				CLANG_WARN_RANGE_LOOP_ANALYSIS = YES;
				CLANG_WARN_STRICT_PROTOTYPES = YES;
				CLANG_WARN_SUSPICIOUS_MOVE = YES;
				CLANG_WARN_UNGUARDED_AVAILABILITY = YES_AGGRESSIVE;
				CLANG_WARN_UNREACHABLE_CODE = YES;
				CLANG_WARN__DUPLICATE_METHOD_MATCH = YES;
				COPY_PHASE_STRIP = NO;
				DEBUG_INFORMATION_FORMAT = dwarf;
				ENABLE_STRICT_OBJC_MSGSEND = YES;
				ENABLE_TESTABILITY = YES;
				GCC_C_LANGUAGE_STANDARD = gnu11;
				GCC_DYNAMIC_NO_PIC = NO;
				GCC_NO_COMMON_BLOCKS = YES;
				GCC_OPTIMIZATION_LEVEL = 0;
				GCC_PREPROCESSOR_DEFINITIONS = (
					"DEBUG=1",
					"$(inherited)",
				);
				GCC_WARN_64_TO_32_BIT_CONVERSION = YES;
				GCC_WARN_ABOUT_RETURN_TYPE = YES_ERROR;
				GCC_WARN_UNDECLARED_SELECTOR = YES;
				GCC_WARN_UNINITIALIZED_AUTOS = YES_AGGRESSIVE;
				GCC_WARN_UNUSED_FUNCTION = YES;
				GCC_WARN_UNUSED_VARIABLE = YES;
				IPHONEOS_DEPLOYMENT_TARGET = 16.0;
				MTL_ENABLE_DEBUG_INFO = INCLUDE_SOURCE;
				MTL_FAST_MATH = YES;
				ONLY_ACTIVE_ARCH = YES;
				SDKROOT = iphoneos;
				SWIFT_ACTIVE_COMPILATION_CONDITIONS = DEBUG;
				SWIFT_OPTIMIZATION_LEVEL = "-Onone";
			};
			name = Debug;
		};
		77F3BABC28D508C40065045D /* Release */ = {
			isa = XCBuildConfiguration;
			buildSettings = {
				ALWAYS_SEARCH_USER_PATHS = NO;
				CLANG_ANALYZER_NONNULL = YES;
				CLANG_ANALYZER_NUMBER_OBJECT_CONVERSION = YES_AGGRESSIVE;
				CLANG_CXX_LANGUAGE_STANDARD = "gnu++20";
				CLANG_ENABLE_MODULES = YES;
				CLANG_ENABLE_OBJC_ARC = YES;
				CLANG_ENABLE_OBJC_WEAK = YES;
				CLANG_WARN_BLOCK_CAPTURE_AUTORELEASING = YES;
				CLANG_WARN_BOOL_CONVERSION = YES;
				CLANG_WARN_COMMA = YES;
				CLANG_WARN_CONSTANT_CONVERSION = YES;
				CLANG_WARN_DEPRECATED_OBJC_IMPLEMENTATIONS = YES;
				CLANG_WARN_DIRECT_OBJC_ISA_USAGE = YES_ERROR;
				CLANG_WARN_DOCUMENTATION_COMMENTS = YES;
				CLANG_WARN_EMPTY_BODY = YES;
				CLANG_WARN_ENUM_CONVERSION = YES;
				CLANG_WARN_INFINITE_RECURSION = YES;
				CLANG_WARN_INT_CONVERSION = YES;
				CLANG_WARN_NON_LITERAL_NULL_CONVERSION = YES;
				CLANG_WARN_OBJC_IMPLICIT_RETAIN_SELF = YES;
				CLANG_WARN_OBJC_LITERAL_CONVERSION = YES;
				CLANG_WARN_OBJC_ROOT_CLASS = YES_ERROR;
				CLANG_WARN_QUOTED_INCLUDE_IN_FRAMEWORK_HEADER = YES;
				CLANG_WARN_RANGE_LOOP_ANALYSIS = YES;
				CLANG_WARN_STRICT_PROTOTYPES = YES;
				CLANG_WARN_SUSPICIOUS_MOVE = YES;
				CLANG_WARN_UNGUARDED_AVAILABILITY = YES_AGGRESSIVE;
				CLANG_WARN_UNREACHABLE_CODE = YES;
				CLANG_WARN__DUPLICATE_METHOD_MATCH = YES;
				COPY_PHASE_STRIP = NO;
				DEBUG_INFORMATION_FORMAT = "dwarf-with-dsym";
				ENABLE_NS_ASSERTIONS = NO;
				ENABLE_STRICT_OBJC_MSGSEND = YES;
				GCC_C_LANGUAGE_STANDARD = gnu11;
				GCC_NO_COMMON_BLOCKS = YES;
				GCC_WARN_64_TO_32_BIT_CONVERSION = YES;
				GCC_WARN_ABOUT_RETURN_TYPE = YES_ERROR;
				GCC_WARN_UNDECLARED_SELECTOR = YES;
				GCC_WARN_UNINITIALIZED_AUTOS = YES_AGGRESSIVE;
				GCC_WARN_UNUSED_FUNCTION = YES;
				GCC_WARN_UNUSED_VARIABLE = YES;
				IPHONEOS_DEPLOYMENT_TARGET = 16.0;
				MTL_ENABLE_DEBUG_INFO = NO;
				MTL_FAST_MATH = YES;
				SDKROOT = iphoneos;
				SWIFT_COMPILATION_MODE = wholemodule;
				SWIFT_OPTIMIZATION_LEVEL = "-O";
				VALIDATE_PRODUCT = YES;
			};
			name = Release;
		};
		77F3BABE28D508C40065045D /* Debug */ = {
			isa = XCBuildConfiguration;
			buildSettings = {
				ASSETCATALOG_COMPILER_APPICON_NAME = AppIcon;
				ASSETCATALOG_COMPILER_GLOBAL_ACCENT_COLOR_NAME = AccentColor;
				CODE_SIGN_STYLE = Automatic;
				CURRENT_PROJECT_VERSION = 1;
				DEVELOPMENT_TEAM = 5RY5NF7FKU;
				GENERATE_INFOPLIST_FILE = YES;
				INFOPLIST_FILE = "Storytel-Assignment/Info.plist";
				INFOPLIST_KEY_UIApplicationSupportsIndirectInputEvents = YES;
				INFOPLIST_KEY_UILaunchStoryboardName = LaunchScreen;
				INFOPLIST_KEY_UISupportedInterfaceOrientations_iPad = "UIInterfaceOrientationPortrait UIInterfaceOrientationPortraitUpsideDown UIInterfaceOrientationLandscapeLeft UIInterfaceOrientationLandscapeRight";
				INFOPLIST_KEY_UISupportedInterfaceOrientations_iPhone = "UIInterfaceOrientationPortrait UIInterfaceOrientationLandscapeLeft UIInterfaceOrientationLandscapeRight";
				LD_RUNPATH_SEARCH_PATHS = (
					"$(inherited)",
					"@executable_path/Frameworks",
				);
				MARKETING_VERSION = 1.0;
				PRODUCT_BUNDLE_IDENTIFIER = "com.leotils.Storytel-Assignment";
				PRODUCT_NAME = "$(TARGET_NAME)";
				SWIFT_EMIT_LOC_STRINGS = YES;
				SWIFT_VERSION = 5.0;
				TARGETED_DEVICE_FAMILY = "1,2";
			};
			name = Debug;
		};
		77F3BABF28D508C40065045D /* Release */ = {
			isa = XCBuildConfiguration;
			buildSettings = {
				ASSETCATALOG_COMPILER_APPICON_NAME = AppIcon;
				ASSETCATALOG_COMPILER_GLOBAL_ACCENT_COLOR_NAME = AccentColor;
				CODE_SIGN_STYLE = Automatic;
				CURRENT_PROJECT_VERSION = 1;
				DEVELOPMENT_TEAM = 5RY5NF7FKU;
				GENERATE_INFOPLIST_FILE = YES;
				INFOPLIST_FILE = "Storytel-Assignment/Info.plist";
				INFOPLIST_KEY_UIApplicationSupportsIndirectInputEvents = YES;
				INFOPLIST_KEY_UILaunchStoryboardName = LaunchScreen;
				INFOPLIST_KEY_UISupportedInterfaceOrientations_iPad = "UIInterfaceOrientationPortrait UIInterfaceOrientationPortraitUpsideDown UIInterfaceOrientationLandscapeLeft UIInterfaceOrientationLandscapeRight";
				INFOPLIST_KEY_UISupportedInterfaceOrientations_iPhone = "UIInterfaceOrientationPortrait UIInterfaceOrientationLandscapeLeft UIInterfaceOrientationLandscapeRight";
				LD_RUNPATH_SEARCH_PATHS = (
					"$(inherited)",
					"@executable_path/Frameworks",
				);
				MARKETING_VERSION = 1.0;
				PRODUCT_BUNDLE_IDENTIFIER = "com.leotils.Storytel-Assignment";
				PRODUCT_NAME = "$(TARGET_NAME)";
				SWIFT_EMIT_LOC_STRINGS = YES;
				SWIFT_VERSION = 5.0;
				TARGETED_DEVICE_FAMILY = "1,2";
			};
			name = Release;
		};
		77F3BAC128D508C40065045D /* Debug */ = {
			isa = XCBuildConfiguration;
			buildSettings = {
				ALWAYS_EMBED_SWIFT_STANDARD_LIBRARIES = YES;
				BUNDLE_LOADER = "$(TEST_HOST)";
				CODE_SIGN_STYLE = Automatic;
				CURRENT_PROJECT_VERSION = 1;
				DEVELOPMENT_TEAM = 5RY5NF7FKU;
				GENERATE_INFOPLIST_FILE = YES;
				IPHONEOS_DEPLOYMENT_TARGET = 16.0;
				MARKETING_VERSION = 1.0;
				PRODUCT_BUNDLE_IDENTIFIER = "com.leotils.Storytel-AssignmentTests";
				PRODUCT_NAME = "$(TARGET_NAME)";
				SWIFT_EMIT_LOC_STRINGS = NO;
				SWIFT_VERSION = 5.0;
				TARGETED_DEVICE_FAMILY = "1,2";
				TEST_HOST = "$(BUILT_PRODUCTS_DIR)/Storytel-Assignment.app/$(BUNDLE_EXECUTABLE_FOLDER_PATH)/Storytel-Assignment";
			};
			name = Debug;
		};
		77F3BAC228D508C40065045D /* Release */ = {
			isa = XCBuildConfiguration;
			buildSettings = {
				ALWAYS_EMBED_SWIFT_STANDARD_LIBRARIES = YES;
				BUNDLE_LOADER = "$(TEST_HOST)";
				CODE_SIGN_STYLE = Automatic;
				CURRENT_PROJECT_VERSION = 1;
				DEVELOPMENT_TEAM = 5RY5NF7FKU;
				GENERATE_INFOPLIST_FILE = YES;
				IPHONEOS_DEPLOYMENT_TARGET = 16.0;
				MARKETING_VERSION = 1.0;
				PRODUCT_BUNDLE_IDENTIFIER = "com.leotils.Storytel-AssignmentTests";
				PRODUCT_NAME = "$(TARGET_NAME)";
				SWIFT_EMIT_LOC_STRINGS = NO;
				SWIFT_VERSION = 5.0;
				TARGETED_DEVICE_FAMILY = "1,2";
				TEST_HOST = "$(BUILT_PRODUCTS_DIR)/Storytel-Assignment.app/$(BUNDLE_EXECUTABLE_FOLDER_PATH)/Storytel-Assignment";
			};
			name = Release;
		};
		77F3BAC428D508C40065045D /* Debug */ = {
			isa = XCBuildConfiguration;
			buildSettings = {
				ALWAYS_EMBED_SWIFT_STANDARD_LIBRARIES = YES;
				CODE_SIGN_STYLE = Automatic;
				CURRENT_PROJECT_VERSION = 1;
				DEVELOPMENT_TEAM = 5RY5NF7FKU;
				GENERATE_INFOPLIST_FILE = YES;
				MARKETING_VERSION = 1.0;
				PRODUCT_BUNDLE_IDENTIFIER = "com.leotils.Storytel-AssignmentUITests";
				PRODUCT_NAME = "$(TARGET_NAME)";
				SWIFT_EMIT_LOC_STRINGS = NO;
				SWIFT_VERSION = 5.0;
				TARGETED_DEVICE_FAMILY = "1,2";
				TEST_TARGET_NAME = "Storytel-Assignment";
			};
			name = Debug;
		};
		77F3BAC528D508C40065045D /* Release */ = {
			isa = XCBuildConfiguration;
			buildSettings = {
				ALWAYS_EMBED_SWIFT_STANDARD_LIBRARIES = YES;
				CODE_SIGN_STYLE = Automatic;
				CURRENT_PROJECT_VERSION = 1;
				DEVELOPMENT_TEAM = 5RY5NF7FKU;
				GENERATE_INFOPLIST_FILE = YES;
				MARKETING_VERSION = 1.0;
				PRODUCT_BUNDLE_IDENTIFIER = "com.leotils.Storytel-AssignmentUITests";
				PRODUCT_NAME = "$(TARGET_NAME)";
				SWIFT_EMIT_LOC_STRINGS = NO;
				SWIFT_VERSION = 5.0;
				TARGETED_DEVICE_FAMILY = "1,2";
				TEST_TARGET_NAME = "Storytel-Assignment";
			};
			name = Release;
		};
/* End XCBuildConfiguration section */

/* Begin XCConfigurationList section */
		77F3BA8E28D508C30065045D /* Build configuration list for PBXProject "Storytel-Assignment" */ = {
			isa = XCConfigurationList;
			buildConfigurations = (
				77F3BABB28D508C40065045D /* Debug */,
				77F3BABC28D508C40065045D /* Release */,
			);
			defaultConfigurationIsVisible = 0;
			defaultConfigurationName = Release;
		};
		77F3BABD28D508C40065045D /* Build configuration list for PBXNativeTarget "Storytel-Assignment" */ = {
			isa = XCConfigurationList;
			buildConfigurations = (
				77F3BABE28D508C40065045D /* Debug */,
				77F3BABF28D508C40065045D /* Release */,
			);
			defaultConfigurationIsVisible = 0;
			defaultConfigurationName = Release;
		};
		77F3BAC028D508C40065045D /* Build configuration list for PBXNativeTarget "Storytel-AssignmentTests" */ = {
			isa = XCConfigurationList;
			buildConfigurations = (
				77F3BAC128D508C40065045D /* Debug */,
				77F3BAC228D508C40065045D /* Release */,
			);
			defaultConfigurationIsVisible = 0;
			defaultConfigurationName = Release;
		};
		77F3BAC328D508C40065045D /* Build configuration list for PBXNativeTarget "Storytel-AssignmentUITests" */ = {
			isa = XCConfigurationList;
			buildConfigurations = (
				77F3BAC428D508C40065045D /* Debug */,
				77F3BAC528D508C40065045D /* Release */,
			);
			defaultConfigurationIsVisible = 0;
			defaultConfigurationName = Release;
		};
/* End XCConfigurationList section */

/* Begin XCRemoteSwiftPackageReference section */
		77F3BAC628D7646F0065045D /* XCRemoteSwiftPackageReference "swift-snapshot-testing" */ = {
			isa = XCRemoteSwiftPackageReference;
			repositoryURL = "https://github.com/pointfreeco/swift-snapshot-testing.git";
			requirement = {
				kind = upToNextMajorVersion;
				minimumVersion = 1.9.0;
			};
		};
/* End XCRemoteSwiftPackageReference section */

/* Begin XCSwiftPackageProductDependency section */
		77F3BAC728D7646F0065045D /* SnapshotTesting */ = {
			isa = XCSwiftPackageProductDependency;
			package = 77F3BAC628D7646F0065045D /* XCRemoteSwiftPackageReference "swift-snapshot-testing" */;
			productName = SnapshotTesting;
		};
/* End XCSwiftPackageProductDependency section */
	};
	rootObject = 77F3BA8B28D508C30065045D /* Project object */;
}
